// !$*UTF8*$!
{
	archiveVersion = 1;
	classes = {
	};
	objectVersion = 56;
	objects = {

/* Begin PBXBuildFile section */
		32CBFAB32AFCDA2800976F4D /* HapticViewModel.swift in Sources */ = {isa = PBXBuildFile; fileRef = 32CBFAB22AFCDA2800976F4D /* HapticViewModel.swift */; };
		32E4015B2AEA754C007A15AA /* ToolBrain.swift in Sources */ = {isa = PBXBuildFile; fileRef = 32E4015A2AEA754C007A15AA /* ToolBrain.swift */; };
		32E4015D2AEB8039007A15AA /* Resnet50.mlmodel in Sources */ = {isa = PBXBuildFile; fileRef = 32E4015C2AEB8039007A15AA /* Resnet50.mlmodel */; };
		32E401622AEB80C3007A15AA /* CameraResultView.swift in Sources */ = {isa = PBXBuildFile; fileRef = 32E4015F2AEB80C3007A15AA /* CameraResultView.swift */; };
		32E401632AEB80C3007A15AA /* CustomCameraView.swift in Sources */ = {isa = PBXBuildFile; fileRef = 32E401602AEB80C3007A15AA /* CustomCameraView.swift */; };
		32E401642AEB80C3007A15AA /* CameraView.swift in Sources */ = {isa = PBXBuildFile; fileRef = 32E401612AEB80C3007A15AA /* CameraView.swift */; };
		32E401662AEB80F3007A15AA /* ObjectDetectionGame.swift in Sources */ = {isa = PBXBuildFile; fileRef = 32E401652AEB80F3007A15AA /* ObjectDetectionGame.swift */; };
		32E401712AEB987E007A15AA /* CameraViewController.swift in Sources */ = {isa = PBXBuildFile; fileRef = 32E401702AEB987E007A15AA /* CameraViewController.swift */; };
		32E401732AEB9897007A15AA /* Detector.swift in Sources */ = {isa = PBXBuildFile; fileRef = 32E401722AEB9897007A15AA /* Detector.swift */; };
		A31CD01D2AEFB69D00B91325 /* RecordButton.swift in Sources */ = {isa = PBXBuildFile; fileRef = A31CD01C2AEFB69D00B91325 /* RecordButton.swift */; };
		A3519E6E2AEB6E5B00C66C4A /* ToolBahasa.swift in Sources */ = {isa = PBXBuildFile; fileRef = A3519E6D2AEB6E5B00C66C4A /* ToolBahasa.swift */; };
		A35921562AEF2D7C0063BD8E /* ModalView.swift in Sources */ = {isa = PBXBuildFile; fileRef = A35921552AEF2D7C0063BD8E /* ModalView.swift */; };
		A35B6A792AFC845B002C0116 /* DummyView.swift in Sources */ = {isa = PBXBuildFile; fileRef = A35B6A782AFC845B002C0116 /* DummyView.swift */; };
		A39A2E782AF5F15000E3F52A /* TextSound.swift in Sources */ = {isa = PBXBuildFile; fileRef = A39A2E772AF5F15000E3F52A /* TextSound.swift */; };
		A39AEC002AF9DDEA006A0FB6 /* TextKata.swift in Sources */ = {isa = PBXBuildFile; fileRef = A39AEBFF2AF9DDEA006A0FB6 /* TextKata.swift */; };
		A3A8FE772AEB0EEF00980FB9 /* MatchManager+Synchronizations.swift in Sources */ = {isa = PBXBuildFile; fileRef = A3A8FE762AEB0EEF00980FB9 /* MatchManager+Synchronizations.swift */; };
		A3AF9E9A2AEFAC0D0075E5B8 /* AudioViewModel.swift in Sources */ = {isa = PBXBuildFile; fileRef = A3AF9E992AEFAC0D0075E5B8 /* AudioViewModel.swift */; };
		A3AF9E9C2AEFAC470075E5B8 /* ServerViewModel.swift in Sources */ = {isa = PBXBuildFile; fileRef = A3AF9E9B2AEFAC470075E5B8 /* ServerViewModel.swift */; };
		A3AF9EA02AEFACAA0075E5B8 /* Audio.swift in Sources */ = {isa = PBXBuildFile; fileRef = A3AF9E9F2AEFACAA0075E5B8 /* Audio.swift */; };
		A3AF9EA22AEFAF2B0075E5B8 /* PlayerViewModel.swift in Sources */ = {isa = PBXBuildFile; fileRef = A3AF9EA12AEFAF2B0075E5B8 /* PlayerViewModel.swift */; };
		A3B13C182AFAB3900060535C /* BalaiDesaView.swift in Sources */ = {isa = PBXBuildFile; fileRef = A3B13C172AFAB3900060535C /* BalaiDesaView.swift */; };
		A3B13C1A2AFAB4460060535C /* TokoView.swift in Sources */ = {isa = PBXBuildFile; fileRef = A3B13C192AFAB4460060535C /* TokoView.swift */; };
		A3B13C1C2AFAB5940060535C /* GudangView.swift in Sources */ = {isa = PBXBuildFile; fileRef = A3B13C1B2AFAB5940060535C /* GudangView.swift */; };
		A3B13C1E2AFAB8EA0060535C /* PerbaikanBalaiDesaView.swift in Sources */ = {isa = PBXBuildFile; fileRef = A3B13C1D2AFAB8EA0060535C /* PerbaikanBalaiDesaView.swift */; };
		A3B13C202AFABBDE0060535C /* BalaiDesaRenovatedView.swift in Sources */ = {isa = PBXBuildFile; fileRef = A3B13C1F2AFABBDE0060535C /* BalaiDesaRenovatedView.swift */; };
		A3B13C272AFB03BD0060535C /* Enums.swift in Sources */ = {isa = PBXBuildFile; fileRef = A3B13C262AFB03BD0060535C /* Enums.swift */; };
		A3C304762ADE898800E11CCC /* MacroApp.swift in Sources */ = {isa = PBXBuildFile; fileRef = A3C304752ADE898800E11CCC /* MacroApp.swift */; };
		A3C3047A2ADE898A00E11CCC /* Assets.xcassets in Resources */ = {isa = PBXBuildFile; fileRef = A3C304792ADE898A00E11CCC /* Assets.xcassets */; };
		A3C3047D2ADE898A00E11CCC /* Preview Assets.xcassets in Resources */ = {isa = PBXBuildFile; fileRef = A3C3047C2ADE898A00E11CCC /* Preview Assets.xcassets */; };
		A3C85B622AEF7337001669A6 /* Tool.swift in Sources */ = {isa = PBXBuildFile; fileRef = A3C85B612AEF7337001669A6 /* Tool.swift */; };
		A3D5E89A2AF3957F002F5888 /* Story.swift in Sources */ = {isa = PBXBuildFile; fileRef = A3D5E8992AF3957F002F5888 /* Story.swift */; };
		A3D5E89E2AF3AC1F002F5888 /* Narration.swift in Sources */ = {isa = PBXBuildFile; fileRef = A3D5E89D2AF3AC1F002F5888 /* Narration.swift */; };
		A3E8E6B42B00F1F0006D221E /* RouterViewModel.swift in Sources */ = {isa = PBXBuildFile; fileRef = A3E8E6B32B00F1F0006D221E /* RouterViewModel.swift */; };
		A3E8E6B82B00F5E1006D221E /* Batak Example Audios in Resources */ = {isa = PBXBuildFile; fileRef = A3E8E6B72B00F5E0006D221E /* Batak Example Audios */; };
		A3E8E6BE2B00F656006D221E /* backsound.wav in Resources */ = {isa = PBXBuildFile; fileRef = A3E8E6BD2B00F656006D221E /* backsound.wav */; };
		A3E8E6C22B00F6AA006D221E /* Correct.wav in Resources */ = {isa = PBXBuildFile; fileRef = A3E8E6C12B00F6AA006D221E /* Correct.wav */; };
		A3E8E6C42B00F7E6006D221E /* Wrong.wav in Resources */ = {isa = PBXBuildFile; fileRef = A3E8E6C32B00F7E6006D221E /* Wrong.wav */; };
		A3E99C912AEA1698002FDE6C /* Karakter.swift in Sources */ = {isa = PBXBuildFile; fileRef = A3E99C902AEA1698002FDE6C /* Karakter.swift */; };
		E20C87CA2AE4129F0054AD47 /* StoryTemp.swift in Sources */ = {isa = PBXBuildFile; fileRef = E20C87C92AE4129F0054AD47 /* StoryTemp.swift */; };
		E20C87CE2AE412FF0054AD47 /* StoryViewModel.swift in Sources */ = {isa = PBXBuildFile; fileRef = E20C87CD2AE412FF0054AD47 /* StoryViewModel.swift */; };
		E23832902AEA272B001DB289 /* NavigationViewModel.swift in Sources */ = {isa = PBXBuildFile; fileRef = E238328F2AEA272B001DB289 /* NavigationViewModel.swift */; };
		E23832922AEA4E29001DB289 /* DragDropView.swift in Sources */ = {isa = PBXBuildFile; fileRef = E23832912AEA4E29001DB289 /* DragDropView.swift */; };
		E23832942AEA4E45001DB289 /* AyakPasirView.swift in Sources */ = {isa = PBXBuildFile; fileRef = E23832932AEA4E45001DB289 /* AyakPasirView.swift */; };
		E251D0AB2ADFDE620024FDD1 /* ContentView.swift in Sources */ = {isa = PBXBuildFile; fileRef = E251D0AA2ADFDE620024FDD1 /* ContentView.swift */; };
		E251D0BB2AE12B9F0024FDD1 /* MatchManager.swift in Sources */ = {isa = PBXBuildFile; fileRef = E251D0BA2AE12B9F0024FDD1 /* MatchManager.swift */; };
		E251D0BD2AE12F040024FDD1 /* MatchManager+GKMatchmakerViewControllerDelegate.swift in Sources */ = {isa = PBXBuildFile; fileRef = E251D0BC2AE12F040024FDD1 /* MatchManager+GKMatchmakerViewControllerDelegate.swift */; };
		E251D0BF2AE1304C0024FDD1 /* MatchManager+GKMatchDelegate.swift in Sources */ = {isa = PBXBuildFile; fileRef = E251D0BE2AE1304B0024FDD1 /* MatchManager+GKMatchDelegate.swift */; };
		E251D0C12AE130D80024FDD1 /* MatchManager+GKGameCenterControllerDelegate.swift in Sources */ = {isa = PBXBuildFile; fileRef = E251D0C02AE130D80024FDD1 /* MatchManager+GKGameCenterControllerDelegate.swift */; };
		E251D0C72AE132620024FDD1 /* OnBoardView.swift in Sources */ = {isa = PBXBuildFile; fileRef = E251D0C62AE132620024FDD1 /* OnBoardView.swift */; };
		E2791F432AFE268E00391F1B /* Chalkboard-Regular.ttf in Resources */ = {isa = PBXBuildFile; fileRef = E2791F422AFE268E00391F1B /* Chalkboard-Regular.ttf */; };
		E2A729512AE187120093DD1F /* StoryNarratorView.swift in Sources */ = {isa = PBXBuildFile; fileRef = E2A729502AE187120093DD1F /* StoryNarratorView.swift */; };
		E2A729542AE216230093DD1F /* ComponentButton.swift in Sources */ = {isa = PBXBuildFile; fileRef = E2A729532AE216230093DD1F /* ComponentButton.swift */; };
		E2A729562AE246B40093DD1F /* MissionOneView.swift in Sources */ = {isa = PBXBuildFile; fileRef = E2A729552AE246B40093DD1F /* MissionOneView.swift */; };
		E2A729582AE26C670093DD1F /* ComponentButtonMic.swift in Sources */ = {isa = PBXBuildFile; fileRef = E2A729572AE26C670093DD1F /* ComponentButtonMic.swift */; };
		E2C8F21E2B0112AE00BC075F /* AnimationAjeng.gif in Resources */ = {isa = PBXBuildFile; fileRef = E2C8F21C2B0112AE00BC075F /* AnimationAjeng.gif */; };
		E2C8F21F2B0112AE00BC075F /* AnimationDayu.gif in Resources */ = {isa = PBXBuildFile; fileRef = E2C8F21D2B0112AE00BC075F /* AnimationDayu.gif */; };
		E2D73EE92AF8F0A3006E99A1 /* Transition.swift in Sources */ = {isa = PBXBuildFile; fileRef = E2D73EE82AF8F0A3006E99A1 /* Transition.swift */; };
		E2D73EEB2AFA3142006E99A1 /* GiftView.swift in Sources */ = {isa = PBXBuildFile; fileRef = E2D73EEA2AFA3142006E99A1 /* GiftView.swift */; };
		E2E5B92E2AE1364F003B4F70 /* InGameView.swift in Sources */ = {isa = PBXBuildFile; fileRef = E2E5B92D2AE1364F003B4F70 /* InGameView.swift */; };
		E2ED5C302AFCCD31005D4B22 /* AnimationTogar.gif in Resources */ = {isa = PBXBuildFile; fileRef = E2ED5C2D2AFCCD30005D4B22 /* AnimationTogar.gif */; };
		E2ED5C312AFCCD31005D4B22 /* AnimationAsep.gif in Resources */ = {isa = PBXBuildFile; fileRef = E2ED5C2E2AFCCD30005D4B22 /* AnimationAsep.gif */; };
		E2ED5C322AFCCD31005D4B22 /* AnimationKepalaDesa.gif in Resources */ = {isa = PBXBuildFile; fileRef = E2ED5C2F2AFCCD31005D4B22 /* AnimationKepalaDesa.gif */; };
		E2ED5C342AFCEDB8005D4B22 /* ViewModelTransition.swift in Sources */ = {isa = PBXBuildFile; fileRef = E2ED5C332AFCEDB8005D4B22 /* ViewModelTransition.swift */; };
		E2ED5C362AFD1BDA005D4B22 /* TesTransition.swift in Sources */ = {isa = PBXBuildFile; fileRef = E2ED5C352AFD1BDA005D4B22 /* TesTransition.swift */; };
		E2ED5C382AFD1BE6005D4B22 /* TesTransition2.swift in Sources */ = {isa = PBXBuildFile; fileRef = E2ED5C372AFD1BE6005D4B22 /* TesTransition2.swift */; };
/* End PBXBuildFile section */

/* Begin PBXFileReference section */
		32CBFAB22AFCDA2800976F4D /* HapticViewModel.swift */ = {isa = PBXFileReference; lastKnownFileType = sourcecode.swift; path = HapticViewModel.swift; sourceTree = "<group>"; };
		32E4015A2AEA754C007A15AA /* ToolBrain.swift */ = {isa = PBXFileReference; lastKnownFileType = sourcecode.swift; path = ToolBrain.swift; sourceTree = "<group>"; };
		32E4015C2AEB8039007A15AA /* Resnet50.mlmodel */ = {isa = PBXFileReference; lastKnownFileType = file.mlmodel; path = Resnet50.mlmodel; sourceTree = "<group>"; };
		32E4015F2AEB80C3007A15AA /* CameraResultView.swift */ = {isa = PBXFileReference; fileEncoding = 4; lastKnownFileType = sourcecode.swift; path = CameraResultView.swift; sourceTree = "<group>"; };
		32E401602AEB80C3007A15AA /* CustomCameraView.swift */ = {isa = PBXFileReference; fileEncoding = 4; lastKnownFileType = sourcecode.swift; path = CustomCameraView.swift; sourceTree = "<group>"; };
		32E401612AEB80C3007A15AA /* CameraView.swift */ = {isa = PBXFileReference; fileEncoding = 4; lastKnownFileType = sourcecode.swift; path = CameraView.swift; sourceTree = "<group>"; };
		32E401652AEB80F3007A15AA /* ObjectDetectionGame.swift */ = {isa = PBXFileReference; lastKnownFileType = sourcecode.swift; path = ObjectDetectionGame.swift; sourceTree = "<group>"; };
		32E401702AEB987E007A15AA /* CameraViewController.swift */ = {isa = PBXFileReference; lastKnownFileType = sourcecode.swift; path = CameraViewController.swift; sourceTree = "<group>"; };
		32E401722AEB9897007A15AA /* Detector.swift */ = {isa = PBXFileReference; lastKnownFileType = sourcecode.swift; path = Detector.swift; sourceTree = "<group>"; };
		A31CD01C2AEFB69D00B91325 /* RecordButton.swift */ = {isa = PBXFileReference; lastKnownFileType = sourcecode.swift; path = RecordButton.swift; sourceTree = "<group>"; };
		A32FAC342AF0BE57009307B3 /* Info.plist */ = {isa = PBXFileReference; lastKnownFileType = text.plist; path = Info.plist; sourceTree = "<group>"; };
		A3519E6D2AEB6E5B00C66C4A /* ToolBahasa.swift */ = {isa = PBXFileReference; lastKnownFileType = sourcecode.swift; path = ToolBahasa.swift; sourceTree = "<group>"; };
		A35921552AEF2D7C0063BD8E /* ModalView.swift */ = {isa = PBXFileReference; lastKnownFileType = sourcecode.swift; path = ModalView.swift; sourceTree = "<group>"; };
		A35B6A782AFC845B002C0116 /* DummyView.swift */ = {isa = PBXFileReference; lastKnownFileType = sourcecode.swift; path = DummyView.swift; sourceTree = "<group>"; };
		A39A2E772AF5F15000E3F52A /* TextSound.swift */ = {isa = PBXFileReference; lastKnownFileType = sourcecode.swift; path = TextSound.swift; sourceTree = "<group>"; };
		A39AEBFF2AF9DDEA006A0FB6 /* TextKata.swift */ = {isa = PBXFileReference; lastKnownFileType = sourcecode.swift; path = TextKata.swift; sourceTree = "<group>"; };
		A3A8FE762AEB0EEF00980FB9 /* MatchManager+Synchronizations.swift */ = {isa = PBXFileReference; lastKnownFileType = sourcecode.swift; path = "MatchManager+Synchronizations.swift"; sourceTree = "<group>"; };
		A3AF9E992AEFAC0D0075E5B8 /* AudioViewModel.swift */ = {isa = PBXFileReference; lastKnownFileType = sourcecode.swift; path = AudioViewModel.swift; sourceTree = "<group>"; };
		A3AF9E9B2AEFAC470075E5B8 /* ServerViewModel.swift */ = {isa = PBXFileReference; lastKnownFileType = sourcecode.swift; path = ServerViewModel.swift; sourceTree = "<group>"; };
		A3AF9E9F2AEFACAA0075E5B8 /* Audio.swift */ = {isa = PBXFileReference; lastKnownFileType = sourcecode.swift; path = Audio.swift; sourceTree = "<group>"; };
		A3AF9EA12AEFAF2B0075E5B8 /* PlayerViewModel.swift */ = {isa = PBXFileReference; lastKnownFileType = sourcecode.swift; path = PlayerViewModel.swift; sourceTree = "<group>"; };
		A3B13C172AFAB3900060535C /* BalaiDesaView.swift */ = {isa = PBXFileReference; lastKnownFileType = sourcecode.swift; path = BalaiDesaView.swift; sourceTree = "<group>"; };
		A3B13C192AFAB4460060535C /* TokoView.swift */ = {isa = PBXFileReference; lastKnownFileType = sourcecode.swift; path = TokoView.swift; sourceTree = "<group>"; };
		A3B13C1B2AFAB5940060535C /* GudangView.swift */ = {isa = PBXFileReference; lastKnownFileType = sourcecode.swift; path = GudangView.swift; sourceTree = "<group>"; };
		A3B13C1D2AFAB8EA0060535C /* PerbaikanBalaiDesaView.swift */ = {isa = PBXFileReference; lastKnownFileType = sourcecode.swift; path = PerbaikanBalaiDesaView.swift; sourceTree = "<group>"; };
		A3B13C1F2AFABBDE0060535C /* BalaiDesaRenovatedView.swift */ = {isa = PBXFileReference; lastKnownFileType = sourcecode.swift; path = BalaiDesaRenovatedView.swift; sourceTree = "<group>"; };
		A3B13C262AFB03BD0060535C /* Enums.swift */ = {isa = PBXFileReference; lastKnownFileType = sourcecode.swift; path = Enums.swift; sourceTree = "<group>"; };
		A3C304722ADE898800E11CCC /* MacroApp.app */ = {isa = PBXFileReference; explicitFileType = wrapper.application; includeInIndex = 0; path = MacroApp.app; sourceTree = BUILT_PRODUCTS_DIR; };
		A3C304752ADE898800E11CCC /* MacroApp.swift */ = {isa = PBXFileReference; lastKnownFileType = sourcecode.swift; path = MacroApp.swift; sourceTree = "<group>"; };
		A3C304792ADE898A00E11CCC /* Assets.xcassets */ = {isa = PBXFileReference; lastKnownFileType = folder.assetcatalog; path = Assets.xcassets; sourceTree = "<group>"; };
		A3C3047C2ADE898A00E11CCC /* Preview Assets.xcassets */ = {isa = PBXFileReference; lastKnownFileType = folder.assetcatalog; path = "Preview Assets.xcassets"; sourceTree = "<group>"; };
		A3C85B612AEF7337001669A6 /* Tool.swift */ = {isa = PBXFileReference; lastKnownFileType = sourcecode.swift; path = Tool.swift; sourceTree = "<group>"; };
		A3D5E8992AF3957F002F5888 /* Story.swift */ = {isa = PBXFileReference; lastKnownFileType = sourcecode.swift; path = Story.swift; sourceTree = "<group>"; };
		A3D5E89D2AF3AC1F002F5888 /* Narration.swift */ = {isa = PBXFileReference; lastKnownFileType = sourcecode.swift; path = Narration.swift; sourceTree = "<group>"; };
		A3E8E6B32B00F1F0006D221E /* RouterViewModel.swift */ = {isa = PBXFileReference; lastKnownFileType = sourcecode.swift; path = RouterViewModel.swift; sourceTree = "<group>"; };
		A3E8E6B72B00F5E0006D221E /* Batak Example Audios */ = {isa = PBXFileReference; lastKnownFileType = folder; path = "Batak Example Audios"; sourceTree = "<group>"; };
		A3E8E6BD2B00F656006D221E /* backsound.wav */ = {isa = PBXFileReference; lastKnownFileType = audio.wav; path = backsound.wav; sourceTree = "<group>"; };
		A3E8E6C12B00F6AA006D221E /* Correct.wav */ = {isa = PBXFileReference; lastKnownFileType = audio.wav; path = Correct.wav; sourceTree = "<group>"; };
		A3E8E6C32B00F7E6006D221E /* Wrong.wav */ = {isa = PBXFileReference; lastKnownFileType = audio.wav; path = Wrong.wav; sourceTree = "<group>"; };
		A3E99C902AEA1698002FDE6C /* Karakter.swift */ = {isa = PBXFileReference; lastKnownFileType = sourcecode.swift; path = Karakter.swift; sourceTree = "<group>"; };
		E20C87C92AE4129F0054AD47 /* StoryTemp.swift */ = {isa = PBXFileReference; lastKnownFileType = sourcecode.swift; path = StoryTemp.swift; sourceTree = "<group>"; };
		E20C87CD2AE412FF0054AD47 /* StoryViewModel.swift */ = {isa = PBXFileReference; lastKnownFileType = sourcecode.swift; path = StoryViewModel.swift; sourceTree = "<group>"; };
		E238328F2AEA272B001DB289 /* NavigationViewModel.swift */ = {isa = PBXFileReference; lastKnownFileType = sourcecode.swift; path = NavigationViewModel.swift; sourceTree = "<group>"; };
		E23832912AEA4E29001DB289 /* DragDropView.swift */ = {isa = PBXFileReference; lastKnownFileType = sourcecode.swift; path = DragDropView.swift; sourceTree = "<group>"; };
		E23832932AEA4E45001DB289 /* AyakPasirView.swift */ = {isa = PBXFileReference; lastKnownFileType = sourcecode.swift; path = AyakPasirView.swift; sourceTree = "<group>"; };
		E251D0A92ADFDB630024FDD1 /* MacroApp.entitlements */ = {isa = PBXFileReference; lastKnownFileType = text.plist.entitlements; path = MacroApp.entitlements; sourceTree = "<group>"; };
		E251D0AA2ADFDE620024FDD1 /* ContentView.swift */ = {isa = PBXFileReference; lastKnownFileType = sourcecode.swift; path = ContentView.swift; sourceTree = "<group>"; };
		E251D0BA2AE12B9F0024FDD1 /* MatchManager.swift */ = {isa = PBXFileReference; lastKnownFileType = sourcecode.swift; path = MatchManager.swift; sourceTree = "<group>"; };
		E251D0BC2AE12F040024FDD1 /* MatchManager+GKMatchmakerViewControllerDelegate.swift */ = {isa = PBXFileReference; lastKnownFileType = sourcecode.swift; path = "MatchManager+GKMatchmakerViewControllerDelegate.swift"; sourceTree = "<group>"; };
		E251D0BE2AE1304B0024FDD1 /* MatchManager+GKMatchDelegate.swift */ = {isa = PBXFileReference; lastKnownFileType = sourcecode.swift; path = "MatchManager+GKMatchDelegate.swift"; sourceTree = "<group>"; };
		E251D0C02AE130D80024FDD1 /* MatchManager+GKGameCenterControllerDelegate.swift */ = {isa = PBXFileReference; lastKnownFileType = sourcecode.swift; path = "MatchManager+GKGameCenterControllerDelegate.swift"; sourceTree = "<group>"; };
		E251D0C62AE132620024FDD1 /* OnBoardView.swift */ = {isa = PBXFileReference; lastKnownFileType = sourcecode.swift; path = OnBoardView.swift; sourceTree = "<group>"; };
		E2791F422AFE268E00391F1B /* Chalkboard-Regular.ttf */ = {isa = PBXFileReference; lastKnownFileType = file; path = "Chalkboard-Regular.ttf"; sourceTree = "<group>"; };
		E2A729502AE187120093DD1F /* StoryNarratorView.swift */ = {isa = PBXFileReference; lastKnownFileType = sourcecode.swift; path = StoryNarratorView.swift; sourceTree = "<group>"; };
		E2A729532AE216230093DD1F /* ComponentButton.swift */ = {isa = PBXFileReference; lastKnownFileType = sourcecode.swift; path = ComponentButton.swift; sourceTree = "<group>"; };
		E2A729552AE246B40093DD1F /* MissionOneView.swift */ = {isa = PBXFileReference; lastKnownFileType = sourcecode.swift; path = MissionOneView.swift; sourceTree = "<group>"; };
		E2A729572AE26C670093DD1F /* ComponentButtonMic.swift */ = {isa = PBXFileReference; lastKnownFileType = sourcecode.swift; path = ComponentButtonMic.swift; sourceTree = "<group>"; };
		E2C8F21C2B0112AE00BC075F /* AnimationAjeng.gif */ = {isa = PBXFileReference; lastKnownFileType = image.gif; path = AnimationAjeng.gif; sourceTree = "<group>"; };
		E2C8F21D2B0112AE00BC075F /* AnimationDayu.gif */ = {isa = PBXFileReference; lastKnownFileType = image.gif; path = AnimationDayu.gif; sourceTree = "<group>"; };
		E2D73EE82AF8F0A3006E99A1 /* Transition.swift */ = {isa = PBXFileReference; lastKnownFileType = sourcecode.swift; path = Transition.swift; sourceTree = "<group>"; };
		E2D73EEA2AFA3142006E99A1 /* GiftView.swift */ = {isa = PBXFileReference; lastKnownFileType = sourcecode.swift; path = GiftView.swift; sourceTree = "<group>"; };
		E2E5B92D2AE1364F003B4F70 /* InGameView.swift */ = {isa = PBXFileReference; lastKnownFileType = sourcecode.swift; path = InGameView.swift; sourceTree = "<group>"; };
		E2ED5C2D2AFCCD30005D4B22 /* AnimationTogar.gif */ = {isa = PBXFileReference; lastKnownFileType = image.gif; path = AnimationTogar.gif; sourceTree = "<group>"; };
		E2ED5C2E2AFCCD30005D4B22 /* AnimationAsep.gif */ = {isa = PBXFileReference; lastKnownFileType = image.gif; path = AnimationAsep.gif; sourceTree = "<group>"; };
		E2ED5C2F2AFCCD31005D4B22 /* AnimationKepalaDesa.gif */ = {isa = PBXFileReference; lastKnownFileType = image.gif; path = AnimationKepalaDesa.gif; sourceTree = "<group>"; };
		E2ED5C332AFCEDB8005D4B22 /* ViewModelTransition.swift */ = {isa = PBXFileReference; lastKnownFileType = sourcecode.swift; path = ViewModelTransition.swift; sourceTree = "<group>"; };
		E2ED5C352AFD1BDA005D4B22 /* TesTransition.swift */ = {isa = PBXFileReference; lastKnownFileType = sourcecode.swift; path = TesTransition.swift; sourceTree = "<group>"; };
		E2ED5C372AFD1BE6005D4B22 /* TesTransition2.swift */ = {isa = PBXFileReference; lastKnownFileType = sourcecode.swift; path = TesTransition2.swift; sourceTree = "<group>"; };
/* End PBXFileReference section */

/* Begin PBXFrameworksBuildPhase section */
		A3C3046F2ADE898800E11CCC /* Frameworks */ = {
			isa = PBXFrameworksBuildPhase;
			buildActionMask = 2147483647;
			files = (
			);
			runOnlyForDeploymentPostprocessing = 0;
		};
/* End PBXFrameworksBuildPhase section */

/* Begin PBXGroup section */
		32E4015E2AEB8089007A15AA /* Object Detection */ = {
			isa = PBXGroup;
			children = (
				A35B6A782AFC845B002C0116 /* DummyView.swift */,
				32E4015F2AEB80C3007A15AA /* CameraResultView.swift */,
				32E401612AEB80C3007A15AA /* CameraView.swift */,
				32E401602AEB80C3007A15AA /* CustomCameraView.swift */,
				32E401652AEB80F3007A15AA /* ObjectDetectionGame.swift */,
			);
			path = "Object Detection";
			sourceTree = "<group>";
		};
		32E4016F2AEB9864007A15AA /* CameraManager */ = {
			isa = PBXGroup;
			children = (
				32E401702AEB987E007A15AA /* CameraViewController.swift */,
				32E401722AEB9897007A15AA /* Detector.swift */,
			);
			path = CameraManager;
			sourceTree = "<group>";
		};
		A3C304692ADE898800E11CCC = {
			isa = PBXGroup;
			children = (
				A3ED9E682AFCCE050041E7D1 /* Audio */,
				E2ED5C2E2AFCCD30005D4B22 /* AnimationAsep.gif */,
				E2C8F21C2B0112AE00BC075F /* AnimationAjeng.gif */,
				E2C8F21D2B0112AE00BC075F /* AnimationDayu.gif */,
				E2ED5C2F2AFCCD31005D4B22 /* AnimationKepalaDesa.gif */,
				E2ED5C2D2AFCCD30005D4B22 /* AnimationTogar.gif */,
				E2791F412AFE260400391F1B /* Font */,
				32E4016F2AEB9864007A15AA /* CameraManager */,
				E20C87CB2AE412AF0054AD47 /* Model */,
				E20C87CC2AE412E60054AD47 /* ViewModel */,
				E251D0C42AE131520024FDD1 /* MatchManager */,
				E251D0C52AE131640024FDD1 /* View */,
				A3C304742ADE898800E11CCC /* MacroApp */,
				A3C304732ADE898800E11CCC /* Products */,
			);
			sourceTree = "<group>";
		};
		A3C304732ADE898800E11CCC /* Products */ = {
			isa = PBXGroup;
			children = (
				A3C304722ADE898800E11CCC /* MacroApp.app */,
			);
			name = Products;
			sourceTree = "<group>";
		};
		A3C304742ADE898800E11CCC /* MacroApp */ = {
			isa = PBXGroup;
			children = (
				A32FAC342AF0BE57009307B3 /* Info.plist */,
				A3C304752ADE898800E11CCC /* MacroApp.swift */,
				E251D0A92ADFDB630024FDD1 /* MacroApp.entitlements */,
				A3C304792ADE898A00E11CCC /* Assets.xcassets */,
				A3C3047B2ADE898A00E11CCC /* Preview Content */,
			);
			path = MacroApp;
			sourceTree = "<group>";
		};
		A3C3047B2ADE898A00E11CCC /* Preview Content */ = {
			isa = PBXGroup;
			children = (
				A3C3047C2ADE898A00E11CCC /* Preview Assets.xcassets */,
			);
			path = "Preview Content";
			sourceTree = "<group>";
		};
		A3D5E89F2AF3B568002F5888 /* Stories */ = {
			isa = PBXGroup;
			children = (
				E2791F442AFE7B0D00391F1B /* TempStories */,
				A3B13C172AFAB3900060535C /* BalaiDesaView.swift */,
				E2A729502AE187120093DD1F /* StoryNarratorView.swift */,
				A3B13C192AFAB4460060535C /* TokoView.swift */,
				A3B13C1B2AFAB5940060535C /* GudangView.swift */,
				A3B13C1D2AFAB8EA0060535C /* PerbaikanBalaiDesaView.swift */,
				A3B13C1F2AFABBDE0060535C /* BalaiDesaRenovatedView.swift */,
			);
			path = Stories;
			sourceTree = "<group>";
		};
		A3D5E8A02AF3B59F002F5888 /* Mini Games */ = {
			isa = PBXGroup;
			children = (
				E2A729552AE246B40093DD1F /* MissionOneView.swift */,
				E23832912AEA4E29001DB289 /* DragDropView.swift */,
				E23832932AEA4E45001DB289 /* AyakPasirView.swift */,
				32E4015E2AEB8089007A15AA /* Object Detection */,
			);
			path = "Mini Games";
			sourceTree = "<group>";
		};
		A3ED9E682AFCCE050041E7D1 /* Audio */ = {
			isa = PBXGroup;
			children = (
				A3E8E6C32B00F7E6006D221E /* Wrong.wav */,
				A3E8E6C12B00F6AA006D221E /* Correct.wav */,
				A3E8E6BD2B00F656006D221E /* backsound.wav */,
				A3E8E6B72B00F5E0006D221E /* Batak Example Audios */,
			);
			path = Audio;
			sourceTree = "<group>";
		};
		E20C87CB2AE412AF0054AD47 /* Model */ = {
			isa = PBXGroup;
			children = (
				32E4015C2AEB8039007A15AA /* Resnet50.mlmodel */,
				E20C87C92AE4129F0054AD47 /* StoryTemp.swift */,
				A3E99C902AEA1698002FDE6C /* Karakter.swift */,
				A3519E6D2AEB6E5B00C66C4A /* ToolBahasa.swift */,
				32E4015A2AEA754C007A15AA /* ToolBrain.swift */,
				A3C85B612AEF7337001669A6 /* Tool.swift */,
				A3AF9E9F2AEFACAA0075E5B8 /* Audio.swift */,
				A3D5E8992AF3957F002F5888 /* Story.swift */,
				A3D5E89D2AF3AC1F002F5888 /* Narration.swift */,
				A3B13C262AFB03BD0060535C /* Enums.swift */,
			);
			path = Model;
			sourceTree = "<group>";
		};
		E20C87CC2AE412E60054AD47 /* ViewModel */ = {
			isa = PBXGroup;
			children = (
				E20C87CD2AE412FF0054AD47 /* StoryViewModel.swift */,
				E238328F2AEA272B001DB289 /* NavigationViewModel.swift */,
				E2ED5C332AFCEDB8005D4B22 /* ViewModelTransition.swift */,
				A3AF9E992AEFAC0D0075E5B8 /* AudioViewModel.swift */,
				A3AF9E9B2AEFAC470075E5B8 /* ServerViewModel.swift */,
				A3AF9EA12AEFAF2B0075E5B8 /* PlayerViewModel.swift */,
				32CBFAB22AFCDA2800976F4D /* HapticViewModel.swift */,
				A3E8E6B32B00F1F0006D221E /* RouterViewModel.swift */,
			);
			path = ViewModel;
			sourceTree = "<group>";
		};
		E251D0C42AE131520024FDD1 /* MatchManager */ = {
			isa = PBXGroup;
			children = (
				E251D0BA2AE12B9F0024FDD1 /* MatchManager.swift */,
				E251D0C02AE130D80024FDD1 /* MatchManager+GKGameCenterControllerDelegate.swift */,
				E251D0BE2AE1304B0024FDD1 /* MatchManager+GKMatchDelegate.swift */,
				E251D0BC2AE12F040024FDD1 /* MatchManager+GKMatchmakerViewControllerDelegate.swift */,
				A3A8FE762AEB0EEF00980FB9 /* MatchManager+Synchronizations.swift */,
			);
			path = MatchManager;
			sourceTree = "<group>";
		};
		E251D0C52AE131640024FDD1 /* View */ = {
			isa = PBXGroup;
			children = (
				E251D0C62AE132620024FDD1 /* OnBoardView.swift */,
				E2E5B92D2AE1364F003B4F70 /* InGameView.swift */,
				E251D0AA2ADFDE620024FDD1 /* ContentView.swift */,
				E2A729522AE215D10093DD1F /* Components */,
				A3D5E8A02AF3B59F002F5888 /* Mini Games */,
				A3D5E89F2AF3B568002F5888 /* Stories */,
			);
			path = View;
			sourceTree = "<group>";
		};
		E2791F412AFE260400391F1B /* Font */ = {
			isa = PBXGroup;
			children = (
				E2791F422AFE268E00391F1B /* Chalkboard-Regular.ttf */,
			);
			path = Font;
			sourceTree = "<group>";
		};
		E2791F442AFE7B0D00391F1B /* TempStories */ = {
			isa = PBXGroup;
			children = (
			);
			path = TempStories;
			sourceTree = "<group>";
		};
		E2A729522AE215D10093DD1F /* Components */ = {
			isa = PBXGroup;
			children = (
				E2D73EEE2AFA33EA006E99A1 /* GiftAnimation */,
				E2D73EE72AF8F08B006E99A1 /* Transition */,
				A35921552AEF2D7C0063BD8E /* ModalView.swift */,
				E2A729532AE216230093DD1F /* ComponentButton.swift */,
				E2A729572AE26C670093DD1F /* ComponentButtonMic.swift */,
				A31CD01C2AEFB69D00B91325 /* RecordButton.swift */,
				A39A2E772AF5F15000E3F52A /* TextSound.swift */,
				A39AEBFF2AF9DDEA006A0FB6 /* TextKata.swift */,
			);
			path = Components;
			sourceTree = "<group>";
		};
		E2D73EE72AF8F08B006E99A1 /* Transition */ = {
			isa = PBXGroup;
			children = (
				E2D73EE82AF8F0A3006E99A1 /* Transition.swift */,
				E2ED5C352AFD1BDA005D4B22 /* TesTransition.swift */,
				E2ED5C372AFD1BE6005D4B22 /* TesTransition2.swift */,
			);
			path = Transition;
			sourceTree = "<group>";
		};
		E2D73EEE2AFA33EA006E99A1 /* GiftAnimation */ = {
			isa = PBXGroup;
			children = (
				E2D73EEA2AFA3142006E99A1 /* GiftView.swift */,
			);
			path = GiftAnimation;
			sourceTree = "<group>";
		};
/* End PBXGroup section */

/* Begin PBXNativeTarget section */
		A3C304712ADE898800E11CCC /* MacroApp */ = {
			isa = PBXNativeTarget;
			buildConfigurationList = A3C304802ADE898A00E11CCC /* Build configuration list for PBXNativeTarget "MacroApp" */;
			buildPhases = (
				A3C3046E2ADE898800E11CCC /* Sources */,
				A3C3046F2ADE898800E11CCC /* Frameworks */,
				A3C304702ADE898800E11CCC /* Resources */,
			);
			buildRules = (
			);
			dependencies = (
			);
			name = MacroApp;
			productName = MacroApp;
			productReference = A3C304722ADE898800E11CCC /* MacroApp.app */;
			productType = "com.apple.product-type.application";
		};
/* End PBXNativeTarget section */

/* Begin PBXProject section */
		A3C3046A2ADE898800E11CCC /* Project object */ = {
			isa = PBXProject;
			attributes = {
				BuildIndependentTargetsInParallel = 1;
				LastSwiftUpdateCheck = 1500;
				LastUpgradeCheck = 1500;
				TargetAttributes = {
					A3C304712ADE898800E11CCC = {
						CreatedOnToolsVersion = 15.0;
					};
				};
			};
			buildConfigurationList = A3C3046D2ADE898800E11CCC /* Build configuration list for PBXProject "MacroApp" */;
			compatibilityVersion = "Xcode 14.0";
			developmentRegion = en;
			hasScannedForEncodings = 0;
			knownRegions = (
				en,
				Base,
			);
			mainGroup = A3C304692ADE898800E11CCC;
			productRefGroup = A3C304732ADE898800E11CCC /* Products */;
			projectDirPath = "";
			projectRoot = "";
			targets = (
				A3C304712ADE898800E11CCC /* MacroApp */,
			);
		};
/* End PBXProject section */

/* Begin PBXResourcesBuildPhase section */
		A3C304702ADE898800E11CCC /* Resources */ = {
			isa = PBXResourcesBuildPhase;
			buildActionMask = 2147483647;
			files = (
				E2C8F21E2B0112AE00BC075F /* AnimationAjeng.gif in Resources */,
				A3E8E6B82B00F5E1006D221E /* Batak Example Audios in Resources */,
				E2791F432AFE268E00391F1B /* Chalkboard-Regular.ttf in Resources */,
				A3E8E6C22B00F6AA006D221E /* Correct.wav in Resources */,
				E2ED5C302AFCCD31005D4B22 /* AnimationTogar.gif in Resources */,
				A3C3047D2ADE898A00E11CCC /* Preview Assets.xcassets in Resources */,
				E2ED5C312AFCCD31005D4B22 /* AnimationAsep.gif in Resources */,
				E2ED5C322AFCCD31005D4B22 /* AnimationKepalaDesa.gif in Resources */,
				E2C8F21F2B0112AE00BC075F /* AnimationDayu.gif in Resources */,
				A3C3047A2ADE898A00E11CCC /* Assets.xcassets in Resources */,
				A3E8E6C42B00F7E6006D221E /* Wrong.wav in Resources */,
				A3E8E6BE2B00F656006D221E /* backsound.wav in Resources */,
			);
			runOnlyForDeploymentPostprocessing = 0;
		};
/* End PBXResourcesBuildPhase section */

/* Begin PBXSourcesBuildPhase section */
		A3C3046E2ADE898800E11CCC /* Sources */ = {
			isa = PBXSourcesBuildPhase;
			buildActionMask = 2147483647;
			files = (
				E2A729542AE216230093DD1F /* ComponentButton.swift in Sources */,
				A3B13C1E2AFAB8EA0060535C /* PerbaikanBalaiDesaView.swift in Sources */,
				A3B13C1C2AFAB5940060535C /* GudangView.swift in Sources */,
				32E401622AEB80C3007A15AA /* CameraResultView.swift in Sources */,
				A3E8E6B42B00F1F0006D221E /* RouterViewModel.swift in Sources */,
				32E401662AEB80F3007A15AA /* ObjectDetectionGame.swift in Sources */,
				A3AF9E9C2AEFAC470075E5B8 /* ServerViewModel.swift in Sources */,
				32E401732AEB9897007A15AA /* Detector.swift in Sources */,
				A3AF9EA02AEFACAA0075E5B8 /* Audio.swift in Sources */,
				A35B6A792AFC845B002C0116 /* DummyView.swift in Sources */,
				E251D0C72AE132620024FDD1 /* OnBoardView.swift in Sources */,
				E2ED5C362AFD1BDA005D4B22 /* TesTransition.swift in Sources */,
				E2D73EE92AF8F0A3006E99A1 /* Transition.swift in Sources */,
				E2A729562AE246B40093DD1F /* MissionOneView.swift in Sources */,
				E23832922AEA4E29001DB289 /* DragDropView.swift in Sources */,
				A3B13C182AFAB3900060535C /* BalaiDesaView.swift in Sources */,
				A3E99C912AEA1698002FDE6C /* Karakter.swift in Sources */,
				E2A729582AE26C670093DD1F /* ComponentButtonMic.swift in Sources */,
				32E4015D2AEB8039007A15AA /* Resnet50.mlmodel in Sources */,
				E251D0BD2AE12F040024FDD1 /* MatchManager+GKMatchmakerViewControllerDelegate.swift in Sources */,
				32E401642AEB80C3007A15AA /* CameraView.swift in Sources */,
				A3B13C202AFABBDE0060535C /* BalaiDesaRenovatedView.swift in Sources */,
				A3AF9EA22AEFAF2B0075E5B8 /* PlayerViewModel.swift in Sources */,
				E2E5B92E2AE1364F003B4F70 /* InGameView.swift in Sources */,
				32E401712AEB987E007A15AA /* CameraViewController.swift in Sources */,
				E2A729512AE187120093DD1F /* StoryNarratorView.swift in Sources */,
				E2ED5C382AFD1BE6005D4B22 /* TesTransition2.swift in Sources */,
				E251D0C12AE130D80024FDD1 /* MatchManager+GKGameCenterControllerDelegate.swift in Sources */,
				A39A2E782AF5F15000E3F52A /* TextSound.swift in Sources */,
				E2ED5C342AFCEDB8005D4B22 /* ViewModelTransition.swift in Sources */,
				E23832942AEA4E45001DB289 /* AyakPasirView.swift in Sources */,
				A39AEC002AF9DDEA006A0FB6 /* TextKata.swift in Sources */,
				A31CD01D2AEFB69D00B91325 /* RecordButton.swift in Sources */,
				E23832902AEA272B001DB289 /* NavigationViewModel.swift in Sources */,
				E2D73EEB2AFA3142006E99A1 /* GiftView.swift in Sources */,
				E251D0AB2ADFDE620024FDD1 /* ContentView.swift in Sources */,
				32E401632AEB80C3007A15AA /* CustomCameraView.swift in Sources */,
				E251D0BF2AE1304C0024FDD1 /* MatchManager+GKMatchDelegate.swift in Sources */,
				E20C87CE2AE412FF0054AD47 /* StoryViewModel.swift in Sources */,
				32CBFAB32AFCDA2800976F4D /* HapticViewModel.swift in Sources */,
				A3519E6E2AEB6E5B00C66C4A /* ToolBahasa.swift in Sources */,
				A3B13C272AFB03BD0060535C /* Enums.swift in Sources */,
				A3C85B622AEF7337001669A6 /* Tool.swift in Sources */,
				A35921562AEF2D7C0063BD8E /* ModalView.swift in Sources */,
				E251D0BB2AE12B9F0024FDD1 /* MatchManager.swift in Sources */,
				32E4015B2AEA754C007A15AA /* ToolBrain.swift in Sources */,
				A3D5E89E2AF3AC1F002F5888 /* Narration.swift in Sources */,
				A3C304762ADE898800E11CCC /* MacroApp.swift in Sources */,
				A3A8FE772AEB0EEF00980FB9 /* MatchManager+Synchronizations.swift in Sources */,
				A3AF9E9A2AEFAC0D0075E5B8 /* AudioViewModel.swift in Sources */,
				A3B13C1A2AFAB4460060535C /* TokoView.swift in Sources */,
				E20C87CA2AE4129F0054AD47 /* StoryTemp.swift in Sources */,
				A3D5E89A2AF3957F002F5888 /* Story.swift in Sources */,
			);
			runOnlyForDeploymentPostprocessing = 0;
		};
/* End PBXSourcesBuildPhase section */

/* Begin XCBuildConfiguration section */
		A3C3047E2ADE898A00E11CCC /* Debug */ = {
			isa = XCBuildConfiguration;
			buildSettings = {
				ALWAYS_SEARCH_USER_PATHS = NO;
				ASSETCATALOG_COMPILER_GENERATE_SWIFT_ASSET_SYMBOL_EXTENSIONS = YES;
				CLANG_ANALYZER_NONNULL = YES;
				CLANG_ANALYZER_NUMBER_OBJECT_CONVERSION = YES_AGGRESSIVE;
				CLANG_CXX_LANGUAGE_STANDARD = "gnu++20";
				CLANG_ENABLE_MODULES = YES;
				CLANG_ENABLE_OBJC_ARC = YES;
				CLANG_ENABLE_OBJC_WEAK = YES;
				CLANG_WARN_BLOCK_CAPTURE_AUTORELEASING = YES;
				CLANG_WARN_BOOL_CONVERSION = YES;
				CLANG_WARN_COMMA = YES;
				CLANG_WARN_CONSTANT_CONVERSION = YES;
				CLANG_WARN_DEPRECATED_OBJC_IMPLEMENTATIONS = YES;
				CLANG_WARN_DIRECT_OBJC_ISA_USAGE = YES_ERROR;
				CLANG_WARN_DOCUMENTATION_COMMENTS = YES;
				CLANG_WARN_EMPTY_BODY = YES;
				CLANG_WARN_ENUM_CONVERSION = YES;
				CLANG_WARN_INFINITE_RECURSION = YES;
				CLANG_WARN_INT_CONVERSION = YES;
				CLANG_WARN_NON_LITERAL_NULL_CONVERSION = YES;
				CLANG_WARN_OBJC_IMPLICIT_RETAIN_SELF = YES;
				CLANG_WARN_OBJC_LITERAL_CONVERSION = YES;
				CLANG_WARN_OBJC_ROOT_CLASS = YES_ERROR;
				CLANG_WARN_QUOTED_INCLUDE_IN_FRAMEWORK_HEADER = YES;
				CLANG_WARN_RANGE_LOOP_ANALYSIS = YES;
				CLANG_WARN_STRICT_PROTOTYPES = YES;
				CLANG_WARN_SUSPICIOUS_MOVE = YES;
				CLANG_WARN_UNGUARDED_AVAILABILITY = YES_AGGRESSIVE;
				CLANG_WARN_UNREACHABLE_CODE = YES;
				CLANG_WARN__DUPLICATE_METHOD_MATCH = YES;
				COPY_PHASE_STRIP = NO;
				DEBUG_INFORMATION_FORMAT = dwarf;
				ENABLE_STRICT_OBJC_MSGSEND = YES;
				ENABLE_TESTABILITY = YES;
				ENABLE_USER_SCRIPT_SANDBOXING = YES;
				GCC_C_LANGUAGE_STANDARD = gnu17;
				GCC_DYNAMIC_NO_PIC = NO;
				GCC_NO_COMMON_BLOCKS = YES;
				GCC_OPTIMIZATION_LEVEL = 0;
				GCC_PREPROCESSOR_DEFINITIONS = (
					"DEBUG=1",
					"$(inherited)",
				);
				GCC_WARN_64_TO_32_BIT_CONVERSION = YES;
				GCC_WARN_ABOUT_RETURN_TYPE = YES_ERROR;
				GCC_WARN_UNDECLARED_SELECTOR = YES;
				GCC_WARN_UNINITIALIZED_AUTOS = YES_AGGRESSIVE;
				GCC_WARN_UNUSED_FUNCTION = YES;
				GCC_WARN_UNUSED_VARIABLE = YES;
				IPHONEOS_DEPLOYMENT_TARGET = 17.0;
				LOCALIZATION_PREFERS_STRING_CATALOGS = YES;
				MTL_ENABLE_DEBUG_INFO = INCLUDE_SOURCE;
				MTL_FAST_MATH = YES;
				ONLY_ACTIVE_ARCH = YES;
				SDKROOT = iphoneos;
				SWIFT_ACTIVE_COMPILATION_CONDITIONS = "DEBUG $(inherited)";
				SWIFT_OPTIMIZATION_LEVEL = "-Onone";
			};
			name = Debug;
		};
		A3C3047F2ADE898A00E11CCC /* Release */ = {
			isa = XCBuildConfiguration;
			buildSettings = {
				ALWAYS_SEARCH_USER_PATHS = NO;
				ASSETCATALOG_COMPILER_GENERATE_SWIFT_ASSET_SYMBOL_EXTENSIONS = YES;
				CLANG_ANALYZER_NONNULL = YES;
				CLANG_ANALYZER_NUMBER_OBJECT_CONVERSION = YES_AGGRESSIVE;
				CLANG_CXX_LANGUAGE_STANDARD = "gnu++20";
				CLANG_ENABLE_MODULES = YES;
				CLANG_ENABLE_OBJC_ARC = YES;
				CLANG_ENABLE_OBJC_WEAK = YES;
				CLANG_WARN_BLOCK_CAPTURE_AUTORELEASING = YES;
				CLANG_WARN_BOOL_CONVERSION = YES;
				CLANG_WARN_COMMA = YES;
				CLANG_WARN_CONSTANT_CONVERSION = YES;
				CLANG_WARN_DEPRECATED_OBJC_IMPLEMENTATIONS = YES;
				CLANG_WARN_DIRECT_OBJC_ISA_USAGE = YES_ERROR;
				CLANG_WARN_DOCUMENTATION_COMMENTS = YES;
				CLANG_WARN_EMPTY_BODY = YES;
				CLANG_WARN_ENUM_CONVERSION = YES;
				CLANG_WARN_INFINITE_RECURSION = YES;
				CLANG_WARN_INT_CONVERSION = YES;
				CLANG_WARN_NON_LITERAL_NULL_CONVERSION = YES;
				CLANG_WARN_OBJC_IMPLICIT_RETAIN_SELF = YES;
				CLANG_WARN_OBJC_LITERAL_CONVERSION = YES;
				CLANG_WARN_OBJC_ROOT_CLASS = YES_ERROR;
				CLANG_WARN_QUOTED_INCLUDE_IN_FRAMEWORK_HEADER = YES;
				CLANG_WARN_RANGE_LOOP_ANALYSIS = YES;
				CLANG_WARN_STRICT_PROTOTYPES = YES;
				CLANG_WARN_SUSPICIOUS_MOVE = YES;
				CLANG_WARN_UNGUARDED_AVAILABILITY = YES_AGGRESSIVE;
				CLANG_WARN_UNREACHABLE_CODE = YES;
				CLANG_WARN__DUPLICATE_METHOD_MATCH = YES;
				COPY_PHASE_STRIP = NO;
				DEBUG_INFORMATION_FORMAT = "dwarf-with-dsym";
				ENABLE_NS_ASSERTIONS = NO;
				ENABLE_STRICT_OBJC_MSGSEND = YES;
				ENABLE_USER_SCRIPT_SANDBOXING = YES;
				GCC_C_LANGUAGE_STANDARD = gnu17;
				GCC_NO_COMMON_BLOCKS = YES;
				GCC_WARN_64_TO_32_BIT_CONVERSION = YES;
				GCC_WARN_ABOUT_RETURN_TYPE = YES_ERROR;
				GCC_WARN_UNDECLARED_SELECTOR = YES;
				GCC_WARN_UNINITIALIZED_AUTOS = YES_AGGRESSIVE;
				GCC_WARN_UNUSED_FUNCTION = YES;
				GCC_WARN_UNUSED_VARIABLE = YES;
				IPHONEOS_DEPLOYMENT_TARGET = 17.0;
				LOCALIZATION_PREFERS_STRING_CATALOGS = YES;
				MTL_ENABLE_DEBUG_INFO = NO;
				MTL_FAST_MATH = YES;
				SDKROOT = iphoneos;
				SWIFT_COMPILATION_MODE = wholemodule;
				VALIDATE_PRODUCT = YES;
			};
			name = Release;
		};
		A3C304812ADE898A00E11CCC /* Debug */ = {
			isa = XCBuildConfiguration;
			buildSettings = {
				ASSETCATALOG_COMPILER_APPICON_NAME = AppIcon;
				ASSETCATALOG_COMPILER_GLOBAL_ACCENT_COLOR_NAME = AccentColor;
				ASSETCATALOG_COMPILER_INCLUDE_ALL_APPICON_ASSETS = NO;
				CODE_SIGN_ENTITLEMENTS = MacroApp/MacroApp.entitlements;
				CODE_SIGN_STYLE = Automatic;
				CURRENT_PROJECT_VERSION = 1;
				DEVELOPMENT_ASSET_PATHS = "\"MacroApp/Preview Content\"";
				DEVELOPMENT_TEAM = NYP6NH36S6;
				ENABLE_PREVIEWS = YES;
				GENERATE_INFOPLIST_FILE = YES;
				INFOPLIST_FILE = MacroApp/Info.plist;
				INFOPLIST_KEY_CFBundleDisplayName = Kulturo;
				INFOPLIST_KEY_NSCameraUsageDescription = "";
				INFOPLIST_KEY_NSMicrophoneUsageDescription = "";
				INFOPLIST_KEY_UIApplicationSceneManifest_Generation = YES;
				INFOPLIST_KEY_UIApplicationSupportsIndirectInputEvents = YES;
				INFOPLIST_KEY_UILaunchScreen_Generation = YES;
				INFOPLIST_KEY_UISupportedInterfaceOrientations_iPad = "UIInterfaceOrientationPortrait UIInterfaceOrientationPortraitUpsideDown UIInterfaceOrientationLandscapeLeft UIInterfaceOrientationLandscapeRight";
				INFOPLIST_KEY_UISupportedInterfaceOrientations_iPhone = "UIInterfaceOrientationPortrait UIInterfaceOrientationLandscapeLeft UIInterfaceOrientationLandscapeRight";
				IPHONEOS_DEPLOYMENT_TARGET = 16.1;
				LD_RUNPATH_SEARCH_PATHS = (
					"$(inherited)",
					"@executable_path/Frameworks",
				);
				MARKETING_VERSION = 1.0;
				PRODUCT_BUNDLE_IDENTIFIER = irvan.HandsOn;
				PRODUCT_NAME = "$(TARGET_NAME)";
				SUPPORTED_PLATFORMS = "iphoneos iphonesimulator";
				SUPPORTS_MACCATALYST = NO;
				SUPPORTS_MAC_DESIGNED_FOR_IPHONE_IPAD = NO;
				SWIFT_EMIT_LOC_STRINGS = YES;
				SWIFT_VERSION = 5.0;
				TARGETED_DEVICE_FAMILY = 1;
			};
			name = Debug;
		};
		A3C304822ADE898A00E11CCC /* Release */ = {
			isa = XCBuildConfiguration;
			buildSettings = {
				ASSETCATALOG_COMPILER_APPICON_NAME = AppIcon;
				ASSETCATALOG_COMPILER_GLOBAL_ACCENT_COLOR_NAME = AccentColor;
				ASSETCATALOG_COMPILER_INCLUDE_ALL_APPICON_ASSETS = NO;
				CODE_SIGN_ENTITLEMENTS = MacroApp/MacroApp.entitlements;
				CODE_SIGN_STYLE = Automatic;
				CURRENT_PROJECT_VERSION = 1;
				DEVELOPMENT_ASSET_PATHS = "\"MacroApp/Preview Content\"";
				DEVELOPMENT_TEAM = NYP6NH36S6;
				ENABLE_PREVIEWS = YES;
				GENERATE_INFOPLIST_FILE = YES;
				INFOPLIST_FILE = MacroApp/Info.plist;
				INFOPLIST_KEY_CFBundleDisplayName = Kulturo;
				INFOPLIST_KEY_NSCameraUsageDescription = "";
				INFOPLIST_KEY_NSMicrophoneUsageDescription = "";
				INFOPLIST_KEY_UIApplicationSceneManifest_Generation = YES;
				INFOPLIST_KEY_UIApplicationSupportsIndirectInputEvents = YES;
				INFOPLIST_KEY_UILaunchScreen_Generation = YES;
				INFOPLIST_KEY_UISupportedInterfaceOrientations_iPad = "UIInterfaceOrientationPortrait UIInterfaceOrientationPortraitUpsideDown UIInterfaceOrientationLandscapeLeft UIInterfaceOrientationLandscapeRight";
				INFOPLIST_KEY_UISupportedInterfaceOrientations_iPhone = "UIInterfaceOrientationPortrait UIInterfaceOrientationLandscapeLeft UIInterfaceOrientationLandscapeRight";
				IPHONEOS_DEPLOYMENT_TARGET = 16.1;
				LD_RUNPATH_SEARCH_PATHS = (
					"$(inherited)",
					"@executable_path/Frameworks",
				);
				MARKETING_VERSION = 1.0;
				PRODUCT_BUNDLE_IDENTIFIER = irvan.HandsOn;
				PRODUCT_NAME = "$(TARGET_NAME)";
				SUPPORTED_PLATFORMS = "iphoneos iphonesimulator";
				SUPPORTS_MACCATALYST = NO;
				SUPPORTS_MAC_DESIGNED_FOR_IPHONE_IPAD = NO;
				SWIFT_EMIT_LOC_STRINGS = YES;
				SWIFT_VERSION = 5.0;
				TARGETED_DEVICE_FAMILY = 1;
			};
			name = Release;
		};
/* End XCBuildConfiguration section */

/* Begin XCConfigurationList section */
		A3C3046D2ADE898800E11CCC /* Build configuration list for PBXProject "MacroApp" */ = {
			isa = XCConfigurationList;
			buildConfigurations = (
				A3C3047E2ADE898A00E11CCC /* Debug */,
				A3C3047F2ADE898A00E11CCC /* Release */,
			);
			defaultConfigurationIsVisible = 0;
			defaultConfigurationName = Release;
		};
		A3C304802ADE898A00E11CCC /* Build configuration list for PBXNativeTarget "MacroApp" */ = {
			isa = XCConfigurationList;
			buildConfigurations = (
				A3C304812ADE898A00E11CCC /* Debug */,
				A3C304822ADE898A00E11CCC /* Release */,
			);
			defaultConfigurationIsVisible = 0;
			defaultConfigurationName = Release;
		};
/* End XCConfigurationList section */
	};
	rootObject = A3C3046A2ADE898800E11CCC /* Project object */;
}
