// !$*UTF8*$!
{
	archiveVersion = 1;
	classes = {
	};
	objectVersion = 56;
	objects = {

/* Begin PBXBuildFile section */
		32115DA12B063051005BF92B /* Chalkboard-Bold.ttf in Resources */ = {isa = PBXBuildFile; fileRef = 32115DA02B062F37005BF92B /* Chalkboard-Bold.ttf */; };
		3265E1472B0B6BDF004F399D /* DummyView.swift in Sources */ = {isa = PBXBuildFile; fileRef = 3265E1462B0B6BDF004F399D /* DummyView.swift */; };
		32C5292F2B0CF7C1007C8858 /* GSAudioViewModel.swift in Sources */ = {isa = PBXBuildFile; fileRef = 32C5292E2B0CF7C1007C8858 /* GSAudioViewModel.swift */; };
		32C529322B0CFC3C007C8858 /* backsound-village.wav in Resources */ = {isa = PBXBuildFile; fileRef = 32C529312B0CFC3C007C8858 /* backsound-village.wav */; };
		32C529362B0D29CE007C8858 /* backsound-crowd.wav in Resources */ = {isa = PBXBuildFile; fileRef = 32C529352B0D29CE007C8858 /* backsound-crowd.wav */; };
		32CBFAB32AFCDA2800976F4D /* HapticViewModel.swift in Sources */ = {isa = PBXBuildFile; fileRef = 32CBFAB22AFCDA2800976F4D /* HapticViewModel.swift */; };
		32E4015B2AEA754C007A15AA /* ToolBrain.swift in Sources */ = {isa = PBXBuildFile; fileRef = 32E4015A2AEA754C007A15AA /* ToolBrain.swift */; };
		32E4015D2AEB8039007A15AA /* Resnet50.mlmodel in Sources */ = {isa = PBXBuildFile; fileRef = 32E4015C2AEB8039007A15AA /* Resnet50.mlmodel */; };
		32E401622AEB80C3007A15AA /* CameraResultView.swift in Sources */ = {isa = PBXBuildFile; fileRef = 32E4015F2AEB80C3007A15AA /* CameraResultView.swift */; };
		32E401632AEB80C3007A15AA /* CustomCameraView.swift in Sources */ = {isa = PBXBuildFile; fileRef = 32E401602AEB80C3007A15AA /* CustomCameraView.swift */; };
		32E401642AEB80C3007A15AA /* CameraView.swift in Sources */ = {isa = PBXBuildFile; fileRef = 32E401612AEB80C3007A15AA /* CameraView.swift */; };
		32E401662AEB80F3007A15AA /* ObjectDetectionGame.swift in Sources */ = {isa = PBXBuildFile; fileRef = 32E401652AEB80F3007A15AA /* ObjectDetectionGame.swift */; };
		32E401712AEB987E007A15AA /* CameraViewController.swift in Sources */ = {isa = PBXBuildFile; fileRef = 32E401702AEB987E007A15AA /* CameraViewController.swift */; };
		32E401732AEB9897007A15AA /* Detector.swift in Sources */ = {isa = PBXBuildFile; fileRef = 32E401722AEB9897007A15AA /* Detector.swift */; };
		A31CD01D2AEFB69D00B91325 /* RecordButton.swift in Sources */ = {isa = PBXBuildFile; fileRef = A31CD01C2AEFB69D00B91325 /* RecordButton.swift */; };
		A31E711B2B0B19A8004359C2 /* DummyyView.swift in Sources */ = {isa = PBXBuildFile; fileRef = A31E711A2B0B19A8004359C2 /* DummyyView.swift */; };
		A34F9D112B0203110028E45E /* Dayu 2.m4a in Resources */ = {isa = PBXBuildFile; fileRef = A34F9D102B0203110028E45E /* Dayu 2.m4a */; };
		A3519E6E2AEB6E5B00C66C4A /* ToolBahasa.swift in Sources */ = {isa = PBXBuildFile; fileRef = A3519E6D2AEB6E5B00C66C4A /* ToolBahasa.swift */; };
		A35921562AEF2D7C0063BD8E /* ModalView.swift in Sources */ = {isa = PBXBuildFile; fileRef = A35921552AEF2D7C0063BD8E /* ModalView.swift */; };
		A38733132B020B9F00E9494F /* ApusapusNiPat.wav in Resources */ = {isa = PBXBuildFile; fileRef = A38733122B020B9F00E9494F /* ApusapusNiPat.wav */; };
		A38733152B020BB800E9494F /* IngananSampah.wav in Resources */ = {isa = PBXBuildFile; fileRef = A38733142B020BB800E9494F /* IngananSampah.wav */; };
		A38733172B020BCC00E9494F /* JomDinding.wav in Resources */ = {isa = PBXBuildFile; fileRef = A38733162B020BCC00E9494F /* JomDinding.wav */; };
		A38733192B020BDC00E9494F /* Sipadot.wav in Resources */ = {isa = PBXBuildFile; fileRef = A38733182B020BDC00E9494F /* Sipadot.wav */; };
		A387331B2B020BFC00E9494F /* Tel.wav in Resources */ = {isa = PBXBuildFile; fileRef = A387331A2B020BFC00E9494F /* Tel.wav */; };
		A38733242B05C2A500E9494F /* ProgressBar.swift in Sources */ = {isa = PBXBuildFile; fileRef = A38733232B05C2A500E9494F /* ProgressBar.swift */; };
		A38733262B05C46700E9494F /* TimerView.swift in Sources */ = {isa = PBXBuildFile; fileRef = A38733252B05C46700E9494F /* TimerView.swift */; };
		A38E8C672B0B1E3600CB9A7D /* DragDropMultiView.swift in Sources */ = {isa = PBXBuildFile; fileRef = A38E8C662B0B1E3500CB9A7D /* DragDropMultiView.swift */; };
		A39A2E782AF5F15000E3F52A /* TextSound.swift in Sources */ = {isa = PBXBuildFile; fileRef = A39A2E772AF5F15000E3F52A /* TextSound.swift */; };
		A39AEC002AF9DDEA006A0FB6 /* TextKata.swift in Sources */ = {isa = PBXBuildFile; fileRef = A39AEBFF2AF9DDEA006A0FB6 /* TextKata.swift */; };
		A3A8FE772AEB0EEF00980FB9 /* MatchManager+Synchronizations.swift in Sources */ = {isa = PBXBuildFile; fileRef = A3A8FE762AEB0EEF00980FB9 /* MatchManager+Synchronizations.swift */; };
		A3AF9E9A2AEFAC0D0075E5B8 /* AudioViewModel.swift in Sources */ = {isa = PBXBuildFile; fileRef = A3AF9E992AEFAC0D0075E5B8 /* AudioViewModel.swift */; };
		A3AF9E9C2AEFAC470075E5B8 /* ServerViewModel.swift in Sources */ = {isa = PBXBuildFile; fileRef = A3AF9E9B2AEFAC470075E5B8 /* ServerViewModel.swift */; };
		A3AF9EA02AEFACAA0075E5B8 /* Audio.swift in Sources */ = {isa = PBXBuildFile; fileRef = A3AF9E9F2AEFACAA0075E5B8 /* Audio.swift */; };
		A3AF9EA22AEFAF2B0075E5B8 /* PlayerViewModel.swift in Sources */ = {isa = PBXBuildFile; fileRef = A3AF9EA12AEFAF2B0075E5B8 /* PlayerViewModel.swift */; };
		A3B13C182AFAB3900060535C /* BalaiDesaView.swift in Sources */ = {isa = PBXBuildFile; fileRef = A3B13C172AFAB3900060535C /* BalaiDesaView.swift */; };
		A3B13C1A2AFAB4460060535C /* TokoView.swift in Sources */ = {isa = PBXBuildFile; fileRef = A3B13C192AFAB4460060535C /* TokoView.swift */; };
		A3B13C1C2AFAB5940060535C /* GudangView.swift in Sources */ = {isa = PBXBuildFile; fileRef = A3B13C1B2AFAB5940060535C /* GudangView.swift */; };
		A3B13C1E2AFAB8EA0060535C /* PerbaikanBalaiDesaView.swift in Sources */ = {isa = PBXBuildFile; fileRef = A3B13C1D2AFAB8EA0060535C /* PerbaikanBalaiDesaView.swift */; };
		A3B13C202AFABBDE0060535C /* BalaiDesaRenovatedView.swift in Sources */ = {isa = PBXBuildFile; fileRef = A3B13C1F2AFABBDE0060535C /* BalaiDesaRenovatedView.swift */; };
		A3B13C272AFB03BD0060535C /* Enums.swift in Sources */ = {isa = PBXBuildFile; fileRef = A3B13C262AFB03BD0060535C /* Enums.swift */; };
		A3B4F8952B01E09C006CF328 /* Asep 8.m4a in Resources */ = {isa = PBXBuildFile; fileRef = A3B4F8862B01E09B006CF328 /* Asep 8.m4a */; };
		A3B4F8962B01E09C006CF328 /* Asep 5.m4a in Resources */ = {isa = PBXBuildFile; fileRef = A3B4F8872B01E09B006CF328 /* Asep 5.m4a */; };
		A3B4F8972B01E09C006CF328 /* Asep 3.m4a in Resources */ = {isa = PBXBuildFile; fileRef = A3B4F8882B01E09B006CF328 /* Asep 3.m4a */; };
		A3B4F8982B01E09C006CF328 /* Asep 11.m4a in Resources */ = {isa = PBXBuildFile; fileRef = A3B4F8892B01E09B006CF328 /* Asep 11.m4a */; };
		A3B4F8992B01E09C006CF328 /* Asep 13.m4a in Resources */ = {isa = PBXBuildFile; fileRef = A3B4F88A2B01E09B006CF328 /* Asep 13.m4a */; };
		A3B4F89A2B01E09C006CF328 /* Asep 2.m4a in Resources */ = {isa = PBXBuildFile; fileRef = A3B4F88B2B01E09B006CF328 /* Asep 2.m4a */; };
		A3B4F89B2B01E09C006CF328 /* Asep 14.m4a in Resources */ = {isa = PBXBuildFile; fileRef = A3B4F88C2B01E09B006CF328 /* Asep 14.m4a */; };
		A3B4F89C2B01E09C006CF328 /* Asep 12.m4a in Resources */ = {isa = PBXBuildFile; fileRef = A3B4F88D2B01E09B006CF328 /* Asep 12.m4a */; };
		A3B4F89D2B01E09C006CF328 /* Asep 6.m4a in Resources */ = {isa = PBXBuildFile; fileRef = A3B4F88E2B01E09B006CF328 /* Asep 6.m4a */; };
		A3B4F89E2B01E09C006CF328 /* Asep 1.m4a in Resources */ = {isa = PBXBuildFile; fileRef = A3B4F88F2B01E09C006CF328 /* Asep 1.m4a */; };
		A3B4F89F2B01E09C006CF328 /* Asep 4.m4a in Resources */ = {isa = PBXBuildFile; fileRef = A3B4F8902B01E09C006CF328 /* Asep 4.m4a */; };
		A3B4F8A02B01E09C006CF328 /* Asep 15.m4a in Resources */ = {isa = PBXBuildFile; fileRef = A3B4F8912B01E09C006CF328 /* Asep 15.m4a */; };
		A3B4F8A12B01E09C006CF328 /* Asep 7.m4a in Resources */ = {isa = PBXBuildFile; fileRef = A3B4F8922B01E09C006CF328 /* Asep 7.m4a */; };
		A3B4F8A22B01E09C006CF328 /* Asep 9.m4a in Resources */ = {isa = PBXBuildFile; fileRef = A3B4F8932B01E09C006CF328 /* Asep 9.m4a */; };
		A3B4F8A32B01E09C006CF328 /* Asep 10.m4a in Resources */ = {isa = PBXBuildFile; fileRef = A3B4F8942B01E09C006CF328 /* Asep 10.m4a */; };
		A3B4F8C82B01E1FC006CF328 /* Dayu 6.m4a in Resources */ = {isa = PBXBuildFile; fileRef = A3B4F8C52B01E1F1006CF328 /* Dayu 6.m4a */; };
		A3B4F8C92B01E1FC006CF328 /* Dayu 10.m4a in Resources */ = {isa = PBXBuildFile; fileRef = A3B4F8BF2B01E1F0006CF328 /* Dayu 10.m4a */; };
		A3B4F8CA2B01E1FC006CF328 /* Dayu 13.m4a in Resources */ = {isa = PBXBuildFile; fileRef = A3B4F8C02B01E1F0006CF328 /* Dayu 13.m4a */; };
		A3B4F8CB2B01E1FC006CF328 /* Dayu 5.m4a in Resources */ = {isa = PBXBuildFile; fileRef = A3B4F8C32B01E1F0006CF328 /* Dayu 5.m4a */; };
		A3B4F8CC2B01E1FC006CF328 /* Dayu 9.m4a in Resources */ = {isa = PBXBuildFile; fileRef = A3B4F8BD2B01E1F0006CF328 /* Dayu 9.m4a */; };
		A3B4F8CD2B01E1FC006CF328 /* Dayu 11.m4a in Resources */ = {isa = PBXBuildFile; fileRef = A3B4F8BE2B01E1F0006CF328 /* Dayu 11.m4a */; };
		A3B4F8CE2B01E1FC006CF328 /* Dayu 12.m4a in Resources */ = {isa = PBXBuildFile; fileRef = A3B4F8BB2B01E1F0006CF328 /* Dayu 12.m4a */; };
		A3B4F8CF2B01E1FC006CF328 /* Dayu 1.m4a in Resources */ = {isa = PBXBuildFile; fileRef = A3B4F8C42B01E1F1006CF328 /* Dayu 1.m4a */; };
		A3B4F8D02B01E1FC006CF328 /* Dayu 4.m4a in Resources */ = {isa = PBXBuildFile; fileRef = A3B4F8C12B01E1F0006CF328 /* Dayu 4.m4a */; };
		A3B4F8D12B01E1FC006CF328 /* Dayu 8.m4a in Resources */ = {isa = PBXBuildFile; fileRef = A3B4F8BA2B01E1F0006CF328 /* Dayu 8.m4a */; };
		A3B4F8D22B01E1FC006CF328 /* Dayu 14.m4a in Resources */ = {isa = PBXBuildFile; fileRef = A3B4F8C22B01E1F0006CF328 /* Dayu 14.m4a */; };
		A3B4F8D32B01E1FC006CF328 /* Dayu 3.m4a in Resources */ = {isa = PBXBuildFile; fileRef = A3B4F8C72B01E1F1006CF328 /* Dayu 3.m4a */; };
		A3B4F8D42B01E1FC006CF328 /* Dayu 7.m4a in Resources */ = {isa = PBXBuildFile; fileRef = A3B4F8BC2B01E1F0006CF328 /* Dayu 7.m4a */; };
		A3B4F8D52B01E1FC006CF328 /* Dayu 15.m4a in Resources */ = {isa = PBXBuildFile; fileRef = A3B4F8C62B01E1F1006CF328 /* Dayu 15.m4a */; };
		A3B4F8D62B01E206006CF328 /* Togar 8.m4a in Resources */ = {isa = PBXBuildFile; fileRef = A3B4F8B52B01E1E1006CF328 /* Togar 8.m4a */; };
		A3B4F8D72B01E206006CF328 /* Togar 4.m4a in Resources */ = {isa = PBXBuildFile; fileRef = A3B4F8B12B01E1E1006CF328 /* Togar 4.m4a */; };
		A3B4F8D82B01E206006CF328 /* Togar 2.m4a in Resources */ = {isa = PBXBuildFile; fileRef = A3B4F8B02B01E1E1006CF328 /* Togar 2.m4a */; };
		A3B4F8D92B01E206006CF328 /* Togar 5.m4a in Resources */ = {isa = PBXBuildFile; fileRef = A3B4F8B72B01E1E1006CF328 /* Togar 5.m4a */; };
		A3B4F8DA2B01E206006CF328 /* Togar 6.m4a in Resources */ = {isa = PBXBuildFile; fileRef = A3B4F8AB2B01E1E0006CF328 /* Togar 6.m4a */; };
		A3B4F8DB2B01E206006CF328 /* Togar 7.m4a in Resources */ = {isa = PBXBuildFile; fileRef = A3B4F8B62B01E1E1006CF328 /* Togar 7.m4a */; };
		A3B4F8DC2B01E206006CF328 /* Togar 11.m4a in Resources */ = {isa = PBXBuildFile; fileRef = A3B4F8AD2B01E1E0006CF328 /* Togar 11.m4a */; };
		A3B4F8DD2B01E206006CF328 /* Togar 3.m4a in Resources */ = {isa = PBXBuildFile; fileRef = A3B4F8B32B01E1E1006CF328 /* Togar 3.m4a */; };
		A3B4F8DE2B01E206006CF328 /* Togar 13.m4a in Resources */ = {isa = PBXBuildFile; fileRef = A3B4F8B22B01E1E1006CF328 /* Togar 13.m4a */; };
		A3B4F8DF2B01E206006CF328 /* Togar 10.m4a in Resources */ = {isa = PBXBuildFile; fileRef = A3B4F8B42B01E1E1006CF328 /* Togar 10.m4a */; };
		A3B4F8E02B01E206006CF328 /* Togar 1.m4a in Resources */ = {isa = PBXBuildFile; fileRef = A3B4F8B92B01E1E1006CF328 /* Togar 1.m4a */; };
		A3B4F8E12B01E206006CF328 /* Togar 14.m4a in Resources */ = {isa = PBXBuildFile; fileRef = A3B4F8B82B01E1E1006CF328 /* Togar 14.m4a */; };
		A3B4F8E22B01E206006CF328 /* Togar 12.m4a in Resources */ = {isa = PBXBuildFile; fileRef = A3B4F8AE2B01E1E0006CF328 /* Togar 12.m4a */; };
		A3B4F8E32B01E206006CF328 /* Togar 15.m4a in Resources */ = {isa = PBXBuildFile; fileRef = A3B4F8AF2B01E1E0006CF328 /* Togar 15.m4a */; };
		A3B4F8E42B01E206006CF328 /* Togar 9.m4a in Resources */ = {isa = PBXBuildFile; fileRef = A3B4F8AC2B01E1E0006CF328 /* Togar 9.m4a */; };
		A3B4F8F42B01E225006CF328 /* Ajeng 14.m4a in Resources */ = {isa = PBXBuildFile; fileRef = A3B4F8E52B01E224006CF328 /* Ajeng 14.m4a */; };
		A3B4F8F52B01E225006CF328 /* Ajeng 1.m4a in Resources */ = {isa = PBXBuildFile; fileRef = A3B4F8E62B01E224006CF328 /* Ajeng 1.m4a */; };
		A3B4F8F62B01E225006CF328 /* Ajeng 2.m4a in Resources */ = {isa = PBXBuildFile; fileRef = A3B4F8E72B01E224006CF328 /* Ajeng 2.m4a */; };
		A3B4F8F72B01E225006CF328 /* Ajeng 8.m4a in Resources */ = {isa = PBXBuildFile; fileRef = A3B4F8E82B01E224006CF328 /* Ajeng 8.m4a */; };
		A3B4F8F82B01E225006CF328 /* Ajeng 12.m4a in Resources */ = {isa = PBXBuildFile; fileRef = A3B4F8E92B01E224006CF328 /* Ajeng 12.m4a */; };
		A3B4F8F92B01E225006CF328 /* Ajeng 9.m4a in Resources */ = {isa = PBXBuildFile; fileRef = A3B4F8EA2B01E225006CF328 /* Ajeng 9.m4a */; };
		A3B4F8FA2B01E225006CF328 /* Ajeng 4.m4a in Resources */ = {isa = PBXBuildFile; fileRef = A3B4F8EB2B01E225006CF328 /* Ajeng 4.m4a */; };
		A3B4F8FB2B01E225006CF328 /* Ajeng 5.m4a in Resources */ = {isa = PBXBuildFile; fileRef = A3B4F8EC2B01E225006CF328 /* Ajeng 5.m4a */; };
		A3B4F8FC2B01E225006CF328 /* Ajeng 7.m4a in Resources */ = {isa = PBXBuildFile; fileRef = A3B4F8ED2B01E225006CF328 /* Ajeng 7.m4a */; };
		A3B4F8FD2B01E225006CF328 /* Ajeng 13.m4a in Resources */ = {isa = PBXBuildFile; fileRef = A3B4F8EE2B01E225006CF328 /* Ajeng 13.m4a */; };
		A3B4F8FE2B01E225006CF328 /* Ajeng 6.m4a in Resources */ = {isa = PBXBuildFile; fileRef = A3B4F8EF2B01E225006CF328 /* Ajeng 6.m4a */; };
		A3B4F8FF2B01E225006CF328 /* Ajeng 10.m4a in Resources */ = {isa = PBXBuildFile; fileRef = A3B4F8F02B01E225006CF328 /* Ajeng 10.m4a */; };
		A3B4F9002B01E225006CF328 /* Ajeng 3.m4a in Resources */ = {isa = PBXBuildFile; fileRef = A3B4F8F12B01E225006CF328 /* Ajeng 3.m4a */; };
		A3B4F9012B01E225006CF328 /* Ajeng 11.m4a in Resources */ = {isa = PBXBuildFile; fileRef = A3B4F8F22B01E225006CF328 /* Ajeng 11.m4a */; };
		A3B4F9022B01E225006CF328 /* Ajeng 15.m4a in Resources */ = {isa = PBXBuildFile; fileRef = A3B4F8F32B01E225006CF328 /* Ajeng 15.m4a */; };
		A3B4F9102B01E259006CF328 /* Pak kades 12.m4a in Resources */ = {isa = PBXBuildFile; fileRef = A3B4F9042B01E258006CF328 /* Pak kades 12.m4a */; };
		A3B4F9112B01E259006CF328 /* Pak kades 6.m4a in Resources */ = {isa = PBXBuildFile; fileRef = A3B4F9052B01E258006CF328 /* Pak kades 6.m4a */; };
		A3B4F9122B01E259006CF328 /* Pak kades 3.m4a in Resources */ = {isa = PBXBuildFile; fileRef = A3B4F9062B01E258006CF328 /* Pak kades 3.m4a */; };
		A3B4F9132B01E259006CF328 /* Pak kades 8.m4a in Resources */ = {isa = PBXBuildFile; fileRef = A3B4F9072B01E258006CF328 /* Pak kades 8.m4a */; };
		A3B4F9142B01E259006CF328 /* Pak kades 7.m4a in Resources */ = {isa = PBXBuildFile; fileRef = A3B4F9082B01E259006CF328 /* Pak kades 7.m4a */; };
		A3B4F9152B01E259006CF328 /* Pak kades 1.m4a in Resources */ = {isa = PBXBuildFile; fileRef = A3B4F9092B01E259006CF328 /* Pak kades 1.m4a */; };
		A3B4F9162B01E259006CF328 /* Pak kades 10.m4a in Resources */ = {isa = PBXBuildFile; fileRef = A3B4F90A2B01E259006CF328 /* Pak kades 10.m4a */; };
		A3B4F9172B01E259006CF328 /* Pak kades 11.m4a in Resources */ = {isa = PBXBuildFile; fileRef = A3B4F90B2B01E259006CF328 /* Pak kades 11.m4a */; };
		A3B4F9182B01E259006CF328 /* Pak kades 9.m4a in Resources */ = {isa = PBXBuildFile; fileRef = A3B4F90C2B01E259006CF328 /* Pak kades 9.m4a */; };
		A3B4F9192B01E259006CF328 /* Pak kades 2.m4a in Resources */ = {isa = PBXBuildFile; fileRef = A3B4F90D2B01E259006CF328 /* Pak kades 2.m4a */; };
		A3B4F91A2B01E259006CF328 /* Pak kades 5.m4a in Resources */ = {isa = PBXBuildFile; fileRef = A3B4F90E2B01E259006CF328 /* Pak kades 5.m4a */; };
		A3B4F91B2B01E259006CF328 /* Pak kades 4.m4a in Resources */ = {isa = PBXBuildFile; fileRef = A3B4F90F2B01E259006CF328 /* Pak kades 4.m4a */; };
		A3B4F91F2B01E26B006CF328 /* Ci mey 1.m4a in Resources */ = {isa = PBXBuildFile; fileRef = A3B4F91C2B01E26B006CF328 /* Ci mey 1.m4a */; };
		A3B4F9202B01E26B006CF328 /* Ci mey 2.m4a in Resources */ = {isa = PBXBuildFile; fileRef = A3B4F91D2B01E26B006CF328 /* Ci mey 2.m4a */; };
		A3B4F9212B01E26B006CF328 /* Ci mey 3.m4a in Resources */ = {isa = PBXBuildFile; fileRef = A3B4F91E2B01E26B006CF328 /* Ci mey 3.m4a */; };
		A3C304762ADE898800E11CCC /* MacroApp.swift in Sources */ = {isa = PBXBuildFile; fileRef = A3C304752ADE898800E11CCC /* MacroApp.swift */; };
		A3C3047A2ADE898A00E11CCC /* Assets.xcassets in Resources */ = {isa = PBXBuildFile; fileRef = A3C304792ADE898A00E11CCC /* Assets.xcassets */; };
		A3C3047D2ADE898A00E11CCC /* Preview Assets.xcassets in Resources */ = {isa = PBXBuildFile; fileRef = A3C3047C2ADE898A00E11CCC /* Preview Assets.xcassets */; };
		A3C85B622AEF7337001669A6 /* Tool.swift in Sources */ = {isa = PBXBuildFile; fileRef = A3C85B612AEF7337001669A6 /* Tool.swift */; };
		A3D5E89A2AF3957F002F5888 /* Story.swift in Sources */ = {isa = PBXBuildFile; fileRef = A3D5E8992AF3957F002F5888 /* Story.swift */; };
		A3D5E89E2AF3AC1F002F5888 /* Narration.swift in Sources */ = {isa = PBXBuildFile; fileRef = A3D5E89D2AF3AC1F002F5888 /* Narration.swift */; };
		A3E8E6B42B00F1F0006D221E /* RouterViewModel.swift in Sources */ = {isa = PBXBuildFile; fileRef = A3E8E6B32B00F1F0006D221E /* RouterViewModel.swift */; };
		A3E8E6BE2B00F656006D221E /* backsound.wav in Resources */ = {isa = PBXBuildFile; fileRef = A3E8E6BD2B00F656006D221E /* backsound.wav */; };
		A3E8E6C22B00F6AA006D221E /* Correct.wav in Resources */ = {isa = PBXBuildFile; fileRef = A3E8E6C12B00F6AA006D221E /* Correct.wav */; };
		A3E8E6C42B00F7E6006D221E /* Wrong.wav in Resources */ = {isa = PBXBuildFile; fileRef = A3E8E6C32B00F7E6006D221E /* Wrong.wav */; };
		A3E99C912AEA1698002FDE6C /* Karakter.swift in Sources */ = {isa = PBXBuildFile; fileRef = A3E99C902AEA1698002FDE6C /* Karakter.swift */; };
		E20C87CA2AE4129F0054AD47 /* StoryTemp.swift in Sources */ = {isa = PBXBuildFile; fileRef = E20C87C92AE4129F0054AD47 /* StoryTemp.swift */; };
		E20C87CE2AE412FF0054AD47 /* StoryViewModel.swift in Sources */ = {isa = PBXBuildFile; fileRef = E20C87CD2AE412FF0054AD47 /* StoryViewModel.swift */; };
		E23832902AEA272B001DB289 /* NavigationViewModel.swift in Sources */ = {isa = PBXBuildFile; fileRef = E238328F2AEA272B001DB289 /* NavigationViewModel.swift */; };
		E23832922AEA4E29001DB289 /* DragDropView.swift in Sources */ = {isa = PBXBuildFile; fileRef = E23832912AEA4E29001DB289 /* DragDropView.swift */; };
		E23832942AEA4E45001DB289 /* AyakPasirView.swift in Sources */ = {isa = PBXBuildFile; fileRef = E23832932AEA4E45001DB289 /* AyakPasirView.swift */; };
		E2479ACA2B0A11F900BFA729 /* ErrorHandlingView.swift in Sources */ = {isa = PBXBuildFile; fileRef = E2479AC92B0A11F900BFA729 /* ErrorHandlingView.swift */; };
		E251D0AB2ADFDE620024FDD1 /* ContentView.swift in Sources */ = {isa = PBXBuildFile; fileRef = E251D0AA2ADFDE620024FDD1 /* ContentView.swift */; };
		E251D0BB2AE12B9F0024FDD1 /* MatchManager.swift in Sources */ = {isa = PBXBuildFile; fileRef = E251D0BA2AE12B9F0024FDD1 /* MatchManager.swift */; };
		E251D0BD2AE12F040024FDD1 /* MatchManager+GKMatchmakerViewControllerDelegate.swift in Sources */ = {isa = PBXBuildFile; fileRef = E251D0BC2AE12F040024FDD1 /* MatchManager+GKMatchmakerViewControllerDelegate.swift */; };
		E251D0BF2AE1304C0024FDD1 /* MatchManager+GKMatchDelegate.swift in Sources */ = {isa = PBXBuildFile; fileRef = E251D0BE2AE1304B0024FDD1 /* MatchManager+GKMatchDelegate.swift */; };
		E251D0C12AE130D80024FDD1 /* MatchManager+GKGameCenterControllerDelegate.swift in Sources */ = {isa = PBXBuildFile; fileRef = E251D0C02AE130D80024FDD1 /* MatchManager+GKGameCenterControllerDelegate.swift */; };
		E251D0C72AE132620024FDD1 /* OnBoardView.swift in Sources */ = {isa = PBXBuildFile; fileRef = E251D0C62AE132620024FDD1 /* OnBoardView.swift */; };
		E2791F432AFE268E00391F1B /* Chalkboard-Regular.ttf in Resources */ = {isa = PBXBuildFile; fileRef = E2791F422AFE268E00391F1B /* Chalkboard-Regular.ttf */; };
		E2A729512AE187120093DD1F /* StoryNarratorView.swift in Sources */ = {isa = PBXBuildFile; fileRef = E2A729502AE187120093DD1F /* StoryNarratorView.swift */; };
		E2A729542AE216230093DD1F /* ComponentButton.swift in Sources */ = {isa = PBXBuildFile; fileRef = E2A729532AE216230093DD1F /* ComponentButton.swift */; };
		E2A729562AE246B40093DD1F /* MissionOneView.swift in Sources */ = {isa = PBXBuildFile; fileRef = E2A729552AE246B40093DD1F /* MissionOneView.swift */; };
		E2A729582AE26C670093DD1F /* ComponentButtonMic.swift in Sources */ = {isa = PBXBuildFile; fileRef = E2A729572AE26C670093DD1F /* ComponentButtonMic.swift */; };
		E2C303442B063E26006408FD /* MapView.swift in Sources */ = {isa = PBXBuildFile; fileRef = E2C303432B063E26006408FD /* MapView.swift */; };
		E2C303462B06510F006408FD /* MapTobaAnimation.swift in Sources */ = {isa = PBXBuildFile; fileRef = E2C303452B06510F006408FD /* MapTobaAnimation.swift */; };
		E2C8F21E2B0112AE00BC075F /* AnimationAjeng.gif in Resources */ = {isa = PBXBuildFile; fileRef = E2C8F21C2B0112AE00BC075F /* AnimationAjeng.gif */; };
		E2C8F21F2B0112AE00BC075F /* AnimationDayu.gif in Resources */ = {isa = PBXBuildFile; fileRef = E2C8F21D2B0112AE00BC075F /* AnimationDayu.gif */; };
		E2D73EE92AF8F0A3006E99A1 /* Transition.swift in Sources */ = {isa = PBXBuildFile; fileRef = E2D73EE82AF8F0A3006E99A1 /* Transition.swift */; };
		E2D73EEB2AFA3142006E99A1 /* GiftView.swift in Sources */ = {isa = PBXBuildFile; fileRef = E2D73EEA2AFA3142006E99A1 /* GiftView.swift */; };
		E2E5B92E2AE1364F003B4F70 /* InGameView.swift in Sources */ = {isa = PBXBuildFile; fileRef = E2E5B92D2AE1364F003B4F70 /* InGameView.swift */; };
		E2ED5C302AFCCD31005D4B22 /* AnimationTogar.gif in Resources */ = {isa = PBXBuildFile; fileRef = E2ED5C2D2AFCCD30005D4B22 /* AnimationTogar.gif */; };
		E2ED5C312AFCCD31005D4B22 /* AnimationAsep.gif in Resources */ = {isa = PBXBuildFile; fileRef = E2ED5C2E2AFCCD30005D4B22 /* AnimationAsep.gif */; };
		E2ED5C322AFCCD31005D4B22 /* AnimationKepalaDesa.gif in Resources */ = {isa = PBXBuildFile; fileRef = E2ED5C2F2AFCCD31005D4B22 /* AnimationKepalaDesa.gif */; };
		E2ED5C342AFCEDB8005D4B22 /* ViewModelTransition.swift in Sources */ = {isa = PBXBuildFile; fileRef = E2ED5C332AFCEDB8005D4B22 /* ViewModelTransition.swift */; };
		E2ED5C362AFD1BDA005D4B22 /* TesTransition.swift in Sources */ = {isa = PBXBuildFile; fileRef = E2ED5C352AFD1BDA005D4B22 /* TesTransition.swift */; };
		E2ED5C382AFD1BE6005D4B22 /* TesTransition2.swift in Sources */ = {isa = PBXBuildFile; fileRef = E2ED5C372AFD1BE6005D4B22 /* TesTransition2.swift */; };
		E2F0940D2B0B64AC006F4318 /* MapBaliAnimation.swift in Sources */ = {isa = PBXBuildFile; fileRef = E2F0940C2B0B64AC006F4318 /* MapBaliAnimation.swift */; };
/* End PBXBuildFile section */

/* Begin PBXFileReference section */
		32115DA02B062F37005BF92B /* Chalkboard-Bold.ttf */ = {isa = PBXFileReference; lastKnownFileType = file; path = "Chalkboard-Bold.ttf"; sourceTree = "<group>"; };
		3265E1462B0B6BDF004F399D /* DummyView.swift */ = {isa = PBXFileReference; lastKnownFileType = sourcecode.swift; path = DummyView.swift; sourceTree = "<group>"; };
		32C5292E2B0CF7C1007C8858 /* GSAudioViewModel.swift */ = {isa = PBXFileReference; lastKnownFileType = sourcecode.swift; path = GSAudioViewModel.swift; sourceTree = "<group>"; };
		32C529312B0CFC3C007C8858 /* backsound-village.wav */ = {isa = PBXFileReference; lastKnownFileType = audio.wav; path = "backsound-village.wav"; sourceTree = "<group>"; };
		32C529352B0D29CE007C8858 /* backsound-crowd.wav */ = {isa = PBXFileReference; lastKnownFileType = audio.wav; path = "backsound-crowd.wav"; sourceTree = "<group>"; };
		32CBFAB22AFCDA2800976F4D /* HapticViewModel.swift */ = {isa = PBXFileReference; lastKnownFileType = sourcecode.swift; path = HapticViewModel.swift; sourceTree = "<group>"; };
		32E4015A2AEA754C007A15AA /* ToolBrain.swift */ = {isa = PBXFileReference; lastKnownFileType = sourcecode.swift; path = ToolBrain.swift; sourceTree = "<group>"; };
		32E4015C2AEB8039007A15AA /* Resnet50.mlmodel */ = {isa = PBXFileReference; lastKnownFileType = file.mlmodel; path = Resnet50.mlmodel; sourceTree = "<group>"; };
		32E4015F2AEB80C3007A15AA /* CameraResultView.swift */ = {isa = PBXFileReference; fileEncoding = 4; lastKnownFileType = sourcecode.swift; path = CameraResultView.swift; sourceTree = "<group>"; };
		32E401602AEB80C3007A15AA /* CustomCameraView.swift */ = {isa = PBXFileReference; fileEncoding = 4; lastKnownFileType = sourcecode.swift; path = CustomCameraView.swift; sourceTree = "<group>"; };
		32E401612AEB80C3007A15AA /* CameraView.swift */ = {isa = PBXFileReference; fileEncoding = 4; lastKnownFileType = sourcecode.swift; path = CameraView.swift; sourceTree = "<group>"; };
		32E401652AEB80F3007A15AA /* ObjectDetectionGame.swift */ = {isa = PBXFileReference; lastKnownFileType = sourcecode.swift; path = ObjectDetectionGame.swift; sourceTree = "<group>"; };
		32E401702AEB987E007A15AA /* CameraViewController.swift */ = {isa = PBXFileReference; lastKnownFileType = sourcecode.swift; path = CameraViewController.swift; sourceTree = "<group>"; };
		32E401722AEB9897007A15AA /* Detector.swift */ = {isa = PBXFileReference; lastKnownFileType = sourcecode.swift; path = Detector.swift; sourceTree = "<group>"; };
		A31CD01C2AEFB69D00B91325 /* RecordButton.swift */ = {isa = PBXFileReference; lastKnownFileType = sourcecode.swift; path = RecordButton.swift; sourceTree = "<group>"; };
		A31E711A2B0B19A8004359C2 /* DummyyView.swift */ = {isa = PBXFileReference; lastKnownFileType = sourcecode.swift; path = DummyyView.swift; sourceTree = "<group>"; };
		A32FAC342AF0BE57009307B3 /* Info.plist */ = {isa = PBXFileReference; lastKnownFileType = text.plist; path = Info.plist; sourceTree = "<group>"; };
		A34F9D102B0203110028E45E /* Dayu 2.m4a */ = {isa = PBXFileReference; lastKnownFileType = file; path = "Dayu 2.m4a"; sourceTree = "<group>"; };
		A3519E6D2AEB6E5B00C66C4A /* ToolBahasa.swift */ = {isa = PBXFileReference; lastKnownFileType = sourcecode.swift; path = ToolBahasa.swift; sourceTree = "<group>"; };
		A35921552AEF2D7C0063BD8E /* ModalView.swift */ = {isa = PBXFileReference; lastKnownFileType = sourcecode.swift; path = ModalView.swift; sourceTree = "<group>"; };
		A38733122B020B9F00E9494F /* ApusapusNiPat.wav */ = {isa = PBXFileReference; lastKnownFileType = audio.wav; path = ApusapusNiPat.wav; sourceTree = "<group>"; };
		A38733142B020BB800E9494F /* IngananSampah.wav */ = {isa = PBXFileReference; lastKnownFileType = audio.wav; path = IngananSampah.wav; sourceTree = "<group>"; };
		A38733162B020BCC00E9494F /* JomDinding.wav */ = {isa = PBXFileReference; lastKnownFileType = audio.wav; path = JomDinding.wav; sourceTree = "<group>"; };
		A38733182B020BDC00E9494F /* Sipadot.wav */ = {isa = PBXFileReference; lastKnownFileType = audio.wav; path = Sipadot.wav; sourceTree = "<group>"; };
		A387331A2B020BFC00E9494F /* Tel.wav */ = {isa = PBXFileReference; lastKnownFileType = audio.wav; path = Tel.wav; sourceTree = "<group>"; };
		A38733232B05C2A500E9494F /* ProgressBar.swift */ = {isa = PBXFileReference; lastKnownFileType = sourcecode.swift; path = ProgressBar.swift; sourceTree = "<group>"; };
		A38733252B05C46700E9494F /* TimerView.swift */ = {isa = PBXFileReference; lastKnownFileType = sourcecode.swift; path = TimerView.swift; sourceTree = "<group>"; };
		A38E8C662B0B1E3500CB9A7D /* DragDropMultiView.swift */ = {isa = PBXFileReference; lastKnownFileType = sourcecode.swift; path = DragDropMultiView.swift; sourceTree = "<group>"; };
		A39A2E772AF5F15000E3F52A /* TextSound.swift */ = {isa = PBXFileReference; lastKnownFileType = sourcecode.swift; path = TextSound.swift; sourceTree = "<group>"; };
		A39AEBFF2AF9DDEA006A0FB6 /* TextKata.swift */ = {isa = PBXFileReference; lastKnownFileType = sourcecode.swift; path = TextKata.swift; sourceTree = "<group>"; };
		A3A8FE762AEB0EEF00980FB9 /* MatchManager+Synchronizations.swift */ = {isa = PBXFileReference; lastKnownFileType = sourcecode.swift; path = "MatchManager+Synchronizations.swift"; sourceTree = "<group>"; };
		A3AF9E992AEFAC0D0075E5B8 /* AudioViewModel.swift */ = {isa = PBXFileReference; lastKnownFileType = sourcecode.swift; path = AudioViewModel.swift; sourceTree = "<group>"; };
		A3AF9E9B2AEFAC470075E5B8 /* ServerViewModel.swift */ = {isa = PBXFileReference; lastKnownFileType = sourcecode.swift; path = ServerViewModel.swift; sourceTree = "<group>"; };
		A3AF9E9F2AEFACAA0075E5B8 /* Audio.swift */ = {isa = PBXFileReference; lastKnownFileType = sourcecode.swift; path = Audio.swift; sourceTree = "<group>"; };
		A3AF9EA12AEFAF2B0075E5B8 /* PlayerViewModel.swift */ = {isa = PBXFileReference; lastKnownFileType = sourcecode.swift; path = PlayerViewModel.swift; sourceTree = "<group>"; };
		A3B13C172AFAB3900060535C /* BalaiDesaView.swift */ = {isa = PBXFileReference; lastKnownFileType = sourcecode.swift; path = BalaiDesaView.swift; sourceTree = "<group>"; };
		A3B13C192AFAB4460060535C /* TokoView.swift */ = {isa = PBXFileReference; lastKnownFileType = sourcecode.swift; path = TokoView.swift; sourceTree = "<group>"; };
		A3B13C1B2AFAB5940060535C /* GudangView.swift */ = {isa = PBXFileReference; lastKnownFileType = sourcecode.swift; path = GudangView.swift; sourceTree = "<group>"; };
		A3B13C1D2AFAB8EA0060535C /* PerbaikanBalaiDesaView.swift */ = {isa = PBXFileReference; lastKnownFileType = sourcecode.swift; path = PerbaikanBalaiDesaView.swift; sourceTree = "<group>"; };
		A3B13C1F2AFABBDE0060535C /* BalaiDesaRenovatedView.swift */ = {isa = PBXFileReference; lastKnownFileType = sourcecode.swift; path = BalaiDesaRenovatedView.swift; sourceTree = "<group>"; };
		A3B13C262AFB03BD0060535C /* Enums.swift */ = {isa = PBXFileReference; lastKnownFileType = sourcecode.swift; path = Enums.swift; sourceTree = "<group>"; };
		A3B4F8862B01E09B006CF328 /* Asep 8.m4a */ = {isa = PBXFileReference; lastKnownFileType = file; path = "Asep 8.m4a"; sourceTree = "<group>"; };
		A3B4F8872B01E09B006CF328 /* Asep 5.m4a */ = {isa = PBXFileReference; lastKnownFileType = file; path = "Asep 5.m4a"; sourceTree = "<group>"; };
		A3B4F8882B01E09B006CF328 /* Asep 3.m4a */ = {isa = PBXFileReference; lastKnownFileType = file; path = "Asep 3.m4a"; sourceTree = "<group>"; };
		A3B4F8892B01E09B006CF328 /* Asep 11.m4a */ = {isa = PBXFileReference; lastKnownFileType = file; path = "Asep 11.m4a"; sourceTree = "<group>"; };
		A3B4F88A2B01E09B006CF328 /* Asep 13.m4a */ = {isa = PBXFileReference; lastKnownFileType = file; path = "Asep 13.m4a"; sourceTree = "<group>"; };
		A3B4F88B2B01E09B006CF328 /* Asep 2.m4a */ = {isa = PBXFileReference; lastKnownFileType = file; path = "Asep 2.m4a"; sourceTree = "<group>"; };
		A3B4F88C2B01E09B006CF328 /* Asep 14.m4a */ = {isa = PBXFileReference; lastKnownFileType = file; path = "Asep 14.m4a"; sourceTree = "<group>"; };
		A3B4F88D2B01E09B006CF328 /* Asep 12.m4a */ = {isa = PBXFileReference; lastKnownFileType = file; path = "Asep 12.m4a"; sourceTree = "<group>"; };
		A3B4F88E2B01E09B006CF328 /* Asep 6.m4a */ = {isa = PBXFileReference; lastKnownFileType = file; path = "Asep 6.m4a"; sourceTree = "<group>"; };
		A3B4F88F2B01E09C006CF328 /* Asep 1.m4a */ = {isa = PBXFileReference; lastKnownFileType = file; path = "Asep 1.m4a"; sourceTree = "<group>"; };
		A3B4F8902B01E09C006CF328 /* Asep 4.m4a */ = {isa = PBXFileReference; lastKnownFileType = file; path = "Asep 4.m4a"; sourceTree = "<group>"; };
		A3B4F8912B01E09C006CF328 /* Asep 15.m4a */ = {isa = PBXFileReference; lastKnownFileType = file; path = "Asep 15.m4a"; sourceTree = "<group>"; };
		A3B4F8922B01E09C006CF328 /* Asep 7.m4a */ = {isa = PBXFileReference; lastKnownFileType = file; path = "Asep 7.m4a"; sourceTree = "<group>"; };
		A3B4F8932B01E09C006CF328 /* Asep 9.m4a */ = {isa = PBXFileReference; lastKnownFileType = file; path = "Asep 9.m4a"; sourceTree = "<group>"; };
		A3B4F8942B01E09C006CF328 /* Asep 10.m4a */ = {isa = PBXFileReference; lastKnownFileType = file; path = "Asep 10.m4a"; sourceTree = "<group>"; };
		A3B4F8AB2B01E1E0006CF328 /* Togar 6.m4a */ = {isa = PBXFileReference; lastKnownFileType = file; path = "Togar 6.m4a"; sourceTree = "<group>"; };
		A3B4F8AC2B01E1E0006CF328 /* Togar 9.m4a */ = {isa = PBXFileReference; lastKnownFileType = file; path = "Togar 9.m4a"; sourceTree = "<group>"; };
		A3B4F8AD2B01E1E0006CF328 /* Togar 11.m4a */ = {isa = PBXFileReference; lastKnownFileType = file; path = "Togar 11.m4a"; sourceTree = "<group>"; };
		A3B4F8AE2B01E1E0006CF328 /* Togar 12.m4a */ = {isa = PBXFileReference; lastKnownFileType = file; path = "Togar 12.m4a"; sourceTree = "<group>"; };
		A3B4F8AF2B01E1E0006CF328 /* Togar 15.m4a */ = {isa = PBXFileReference; lastKnownFileType = file; path = "Togar 15.m4a"; sourceTree = "<group>"; };
		A3B4F8B02B01E1E1006CF328 /* Togar 2.m4a */ = {isa = PBXFileReference; lastKnownFileType = file; path = "Togar 2.m4a"; sourceTree = "<group>"; };
		A3B4F8B12B01E1E1006CF328 /* Togar 4.m4a */ = {isa = PBXFileReference; lastKnownFileType = file; path = "Togar 4.m4a"; sourceTree = "<group>"; };
		A3B4F8B22B01E1E1006CF328 /* Togar 13.m4a */ = {isa = PBXFileReference; lastKnownFileType = file; path = "Togar 13.m4a"; sourceTree = "<group>"; };
		A3B4F8B32B01E1E1006CF328 /* Togar 3.m4a */ = {isa = PBXFileReference; lastKnownFileType = file; path = "Togar 3.m4a"; sourceTree = "<group>"; };
		A3B4F8B42B01E1E1006CF328 /* Togar 10.m4a */ = {isa = PBXFileReference; lastKnownFileType = file; path = "Togar 10.m4a"; sourceTree = "<group>"; };
		A3B4F8B52B01E1E1006CF328 /* Togar 8.m4a */ = {isa = PBXFileReference; lastKnownFileType = file; path = "Togar 8.m4a"; sourceTree = "<group>"; };
		A3B4F8B62B01E1E1006CF328 /* Togar 7.m4a */ = {isa = PBXFileReference; lastKnownFileType = file; path = "Togar 7.m4a"; sourceTree = "<group>"; };
		A3B4F8B72B01E1E1006CF328 /* Togar 5.m4a */ = {isa = PBXFileReference; lastKnownFileType = file; path = "Togar 5.m4a"; sourceTree = "<group>"; };
		A3B4F8B82B01E1E1006CF328 /* Togar 14.m4a */ = {isa = PBXFileReference; lastKnownFileType = file; path = "Togar 14.m4a"; sourceTree = "<group>"; };
		A3B4F8B92B01E1E1006CF328 /* Togar 1.m4a */ = {isa = PBXFileReference; lastKnownFileType = file; path = "Togar 1.m4a"; sourceTree = "<group>"; };
		A3B4F8BA2B01E1F0006CF328 /* Dayu 8.m4a */ = {isa = PBXFileReference; lastKnownFileType = file; path = "Dayu 8.m4a"; sourceTree = "<group>"; };
		A3B4F8BB2B01E1F0006CF328 /* Dayu 12.m4a */ = {isa = PBXFileReference; lastKnownFileType = file; path = "Dayu 12.m4a"; sourceTree = "<group>"; };
		A3B4F8BC2B01E1F0006CF328 /* Dayu 7.m4a */ = {isa = PBXFileReference; lastKnownFileType = file; path = "Dayu 7.m4a"; sourceTree = "<group>"; };
		A3B4F8BD2B01E1F0006CF328 /* Dayu 9.m4a */ = {isa = PBXFileReference; lastKnownFileType = file; path = "Dayu 9.m4a"; sourceTree = "<group>"; };
		A3B4F8BE2B01E1F0006CF328 /* Dayu 11.m4a */ = {isa = PBXFileReference; lastKnownFileType = file; path = "Dayu 11.m4a"; sourceTree = "<group>"; };
		A3B4F8BF2B01E1F0006CF328 /* Dayu 10.m4a */ = {isa = PBXFileReference; lastKnownFileType = file; path = "Dayu 10.m4a"; sourceTree = "<group>"; };
		A3B4F8C02B01E1F0006CF328 /* Dayu 13.m4a */ = {isa = PBXFileReference; lastKnownFileType = file; path = "Dayu 13.m4a"; sourceTree = "<group>"; };
		A3B4F8C12B01E1F0006CF328 /* Dayu 4.m4a */ = {isa = PBXFileReference; lastKnownFileType = file; path = "Dayu 4.m4a"; sourceTree = "<group>"; };
		A3B4F8C22B01E1F0006CF328 /* Dayu 14.m4a */ = {isa = PBXFileReference; lastKnownFileType = file; path = "Dayu 14.m4a"; sourceTree = "<group>"; };
		A3B4F8C32B01E1F0006CF328 /* Dayu 5.m4a */ = {isa = PBXFileReference; lastKnownFileType = file; path = "Dayu 5.m4a"; sourceTree = "<group>"; };
		A3B4F8C42B01E1F1006CF328 /* Dayu 1.m4a */ = {isa = PBXFileReference; lastKnownFileType = file; path = "Dayu 1.m4a"; sourceTree = "<group>"; };
		A3B4F8C52B01E1F1006CF328 /* Dayu 6.m4a */ = {isa = PBXFileReference; lastKnownFileType = file; path = "Dayu 6.m4a"; sourceTree = "<group>"; };
		A3B4F8C62B01E1F1006CF328 /* Dayu 15.m4a */ = {isa = PBXFileReference; lastKnownFileType = file; path = "Dayu 15.m4a"; sourceTree = "<group>"; };
		A3B4F8C72B01E1F1006CF328 /* Dayu 3.m4a */ = {isa = PBXFileReference; lastKnownFileType = file; path = "Dayu 3.m4a"; sourceTree = "<group>"; };
		A3B4F8E52B01E224006CF328 /* Ajeng 14.m4a */ = {isa = PBXFileReference; lastKnownFileType = file; path = "Ajeng 14.m4a"; sourceTree = "<group>"; };
		A3B4F8E62B01E224006CF328 /* Ajeng 1.m4a */ = {isa = PBXFileReference; lastKnownFileType = file; path = "Ajeng 1.m4a"; sourceTree = "<group>"; };
		A3B4F8E72B01E224006CF328 /* Ajeng 2.m4a */ = {isa = PBXFileReference; lastKnownFileType = file; path = "Ajeng 2.m4a"; sourceTree = "<group>"; };
		A3B4F8E82B01E224006CF328 /* Ajeng 8.m4a */ = {isa = PBXFileReference; lastKnownFileType = file; path = "Ajeng 8.m4a"; sourceTree = "<group>"; };
		A3B4F8E92B01E224006CF328 /* Ajeng 12.m4a */ = {isa = PBXFileReference; lastKnownFileType = file; path = "Ajeng 12.m4a"; sourceTree = "<group>"; };
		A3B4F8EA2B01E225006CF328 /* Ajeng 9.m4a */ = {isa = PBXFileReference; lastKnownFileType = file; path = "Ajeng 9.m4a"; sourceTree = "<group>"; };
		A3B4F8EB2B01E225006CF328 /* Ajeng 4.m4a */ = {isa = PBXFileReference; lastKnownFileType = file; path = "Ajeng 4.m4a"; sourceTree = "<group>"; };
		A3B4F8EC2B01E225006CF328 /* Ajeng 5.m4a */ = {isa = PBXFileReference; lastKnownFileType = file; path = "Ajeng 5.m4a"; sourceTree = "<group>"; };
		A3B4F8ED2B01E225006CF328 /* Ajeng 7.m4a */ = {isa = PBXFileReference; lastKnownFileType = file; path = "Ajeng 7.m4a"; sourceTree = "<group>"; };
		A3B4F8EE2B01E225006CF328 /* Ajeng 13.m4a */ = {isa = PBXFileReference; lastKnownFileType = file; path = "Ajeng 13.m4a"; sourceTree = "<group>"; };
		A3B4F8EF2B01E225006CF328 /* Ajeng 6.m4a */ = {isa = PBXFileReference; lastKnownFileType = file; path = "Ajeng 6.m4a"; sourceTree = "<group>"; };
		A3B4F8F02B01E225006CF328 /* Ajeng 10.m4a */ = {isa = PBXFileReference; lastKnownFileType = file; path = "Ajeng 10.m4a"; sourceTree = "<group>"; };
		A3B4F8F12B01E225006CF328 /* Ajeng 3.m4a */ = {isa = PBXFileReference; lastKnownFileType = file; path = "Ajeng 3.m4a"; sourceTree = "<group>"; };
		A3B4F8F22B01E225006CF328 /* Ajeng 11.m4a */ = {isa = PBXFileReference; lastKnownFileType = file; path = "Ajeng 11.m4a"; sourceTree = "<group>"; };
		A3B4F8F32B01E225006CF328 /* Ajeng 15.m4a */ = {isa = PBXFileReference; lastKnownFileType = file; path = "Ajeng 15.m4a"; sourceTree = "<group>"; };
		A3B4F9042B01E258006CF328 /* Pak kades 12.m4a */ = {isa = PBXFileReference; lastKnownFileType = file; path = "Pak kades 12.m4a"; sourceTree = "<group>"; };
		A3B4F9052B01E258006CF328 /* Pak kades 6.m4a */ = {isa = PBXFileReference; lastKnownFileType = file; path = "Pak kades 6.m4a"; sourceTree = "<group>"; };
		A3B4F9062B01E258006CF328 /* Pak kades 3.m4a */ = {isa = PBXFileReference; lastKnownFileType = file; path = "Pak kades 3.m4a"; sourceTree = "<group>"; };
		A3B4F9072B01E258006CF328 /* Pak kades 8.m4a */ = {isa = PBXFileReference; lastKnownFileType = file; path = "Pak kades 8.m4a"; sourceTree = "<group>"; };
		A3B4F9082B01E259006CF328 /* Pak kades 7.m4a */ = {isa = PBXFileReference; lastKnownFileType = file; path = "Pak kades 7.m4a"; sourceTree = "<group>"; };
		A3B4F9092B01E259006CF328 /* Pak kades 1.m4a */ = {isa = PBXFileReference; lastKnownFileType = file; path = "Pak kades 1.m4a"; sourceTree = "<group>"; };
		A3B4F90A2B01E259006CF328 /* Pak kades 10.m4a */ = {isa = PBXFileReference; lastKnownFileType = file; path = "Pak kades 10.m4a"; sourceTree = "<group>"; };
		A3B4F90B2B01E259006CF328 /* Pak kades 11.m4a */ = {isa = PBXFileReference; lastKnownFileType = file; path = "Pak kades 11.m4a"; sourceTree = "<group>"; };
		A3B4F90C2B01E259006CF328 /* Pak kades 9.m4a */ = {isa = PBXFileReference; lastKnownFileType = file; path = "Pak kades 9.m4a"; sourceTree = "<group>"; };
		A3B4F90D2B01E259006CF328 /* Pak kades 2.m4a */ = {isa = PBXFileReference; lastKnownFileType = file; path = "Pak kades 2.m4a"; sourceTree = "<group>"; };
		A3B4F90E2B01E259006CF328 /* Pak kades 5.m4a */ = {isa = PBXFileReference; lastKnownFileType = file; path = "Pak kades 5.m4a"; sourceTree = "<group>"; };
		A3B4F90F2B01E259006CF328 /* Pak kades 4.m4a */ = {isa = PBXFileReference; lastKnownFileType = file; path = "Pak kades 4.m4a"; sourceTree = "<group>"; };
		A3B4F91C2B01E26B006CF328 /* Ci mey 1.m4a */ = {isa = PBXFileReference; lastKnownFileType = file; path = "Ci mey 1.m4a"; sourceTree = "<group>"; };
		A3B4F91D2B01E26B006CF328 /* Ci mey 2.m4a */ = {isa = PBXFileReference; lastKnownFileType = file; path = "Ci mey 2.m4a"; sourceTree = "<group>"; };
		A3B4F91E2B01E26B006CF328 /* Ci mey 3.m4a */ = {isa = PBXFileReference; lastKnownFileType = file; path = "Ci mey 3.m4a"; sourceTree = "<group>"; };
		A3C304722ADE898800E11CCC /* MacroApp.app */ = {isa = PBXFileReference; explicitFileType = wrapper.application; includeInIndex = 0; path = MacroApp.app; sourceTree = BUILT_PRODUCTS_DIR; };
		A3C304752ADE898800E11CCC /* MacroApp.swift */ = {isa = PBXFileReference; lastKnownFileType = sourcecode.swift; path = MacroApp.swift; sourceTree = "<group>"; };
		A3C304792ADE898A00E11CCC /* Assets.xcassets */ = {isa = PBXFileReference; lastKnownFileType = folder.assetcatalog; path = Assets.xcassets; sourceTree = "<group>"; };
		A3C3047C2ADE898A00E11CCC /* Preview Assets.xcassets */ = {isa = PBXFileReference; lastKnownFileType = folder.assetcatalog; path = "Preview Assets.xcassets"; sourceTree = "<group>"; };
		A3C85B612AEF7337001669A6 /* Tool.swift */ = {isa = PBXFileReference; lastKnownFileType = sourcecode.swift; path = Tool.swift; sourceTree = "<group>"; };
		A3D5E8992AF3957F002F5888 /* Story.swift */ = {isa = PBXFileReference; lastKnownFileType = sourcecode.swift; path = Story.swift; sourceTree = "<group>"; };
		A3D5E89D2AF3AC1F002F5888 /* Narration.swift */ = {isa = PBXFileReference; lastKnownFileType = sourcecode.swift; path = Narration.swift; sourceTree = "<group>"; };
		A3E8E6B32B00F1F0006D221E /* RouterViewModel.swift */ = {isa = PBXFileReference; lastKnownFileType = sourcecode.swift; path = RouterViewModel.swift; sourceTree = "<group>"; };
		A3E8E6BD2B00F656006D221E /* backsound.wav */ = {isa = PBXFileReference; lastKnownFileType = audio.wav; path = backsound.wav; sourceTree = "<group>"; };
		A3E8E6C12B00F6AA006D221E /* Correct.wav */ = {isa = PBXFileReference; lastKnownFileType = audio.wav; path = Correct.wav; sourceTree = "<group>"; };
		A3E8E6C32B00F7E6006D221E /* Wrong.wav */ = {isa = PBXFileReference; lastKnownFileType = audio.wav; path = Wrong.wav; sourceTree = "<group>"; };
		A3E99C902AEA1698002FDE6C /* Karakter.swift */ = {isa = PBXFileReference; lastKnownFileType = sourcecode.swift; path = Karakter.swift; sourceTree = "<group>"; };
		E20C87C92AE4129F0054AD47 /* StoryTemp.swift */ = {isa = PBXFileReference; lastKnownFileType = sourcecode.swift; path = StoryTemp.swift; sourceTree = "<group>"; };
		E20C87CD2AE412FF0054AD47 /* StoryViewModel.swift */ = {isa = PBXFileReference; lastKnownFileType = sourcecode.swift; path = StoryViewModel.swift; sourceTree = "<group>"; };
		E238328F2AEA272B001DB289 /* NavigationViewModel.swift */ = {isa = PBXFileReference; lastKnownFileType = sourcecode.swift; path = NavigationViewModel.swift; sourceTree = "<group>"; };
		E23832912AEA4E29001DB289 /* DragDropView.swift */ = {isa = PBXFileReference; lastKnownFileType = sourcecode.swift; path = DragDropView.swift; sourceTree = "<group>"; };
		E23832932AEA4E45001DB289 /* AyakPasirView.swift */ = {isa = PBXFileReference; lastKnownFileType = sourcecode.swift; path = AyakPasirView.swift; sourceTree = "<group>"; };
		E2479AC92B0A11F900BFA729 /* ErrorHandlingView.swift */ = {isa = PBXFileReference; lastKnownFileType = sourcecode.swift; path = ErrorHandlingView.swift; sourceTree = "<group>"; };
		E251D0A92ADFDB630024FDD1 /* MacroApp.entitlements */ = {isa = PBXFileReference; lastKnownFileType = text.plist.entitlements; path = MacroApp.entitlements; sourceTree = "<group>"; };
		E251D0AA2ADFDE620024FDD1 /* ContentView.swift */ = {isa = PBXFileReference; lastKnownFileType = sourcecode.swift; path = ContentView.swift; sourceTree = "<group>"; };
		E251D0BA2AE12B9F0024FDD1 /* MatchManager.swift */ = {isa = PBXFileReference; lastKnownFileType = sourcecode.swift; path = MatchManager.swift; sourceTree = "<group>"; };
		E251D0BC2AE12F040024FDD1 /* MatchManager+GKMatchmakerViewControllerDelegate.swift */ = {isa = PBXFileReference; lastKnownFileType = sourcecode.swift; path = "MatchManager+GKMatchmakerViewControllerDelegate.swift"; sourceTree = "<group>"; };
		E251D0BE2AE1304B0024FDD1 /* MatchManager+GKMatchDelegate.swift */ = {isa = PBXFileReference; lastKnownFileType = sourcecode.swift; path = "MatchManager+GKMatchDelegate.swift"; sourceTree = "<group>"; };
		E251D0C02AE130D80024FDD1 /* MatchManager+GKGameCenterControllerDelegate.swift */ = {isa = PBXFileReference; lastKnownFileType = sourcecode.swift; path = "MatchManager+GKGameCenterControllerDelegate.swift"; sourceTree = "<group>"; };
		E251D0C62AE132620024FDD1 /* OnBoardView.swift */ = {isa = PBXFileReference; lastKnownFileType = sourcecode.swift; path = OnBoardView.swift; sourceTree = "<group>"; };
		E2791F422AFE268E00391F1B /* Chalkboard-Regular.ttf */ = {isa = PBXFileReference; lastKnownFileType = file; path = "Chalkboard-Regular.ttf"; sourceTree = "<group>"; };
		E2A729502AE187120093DD1F /* StoryNarratorView.swift */ = {isa = PBXFileReference; lastKnownFileType = sourcecode.swift; path = StoryNarratorView.swift; sourceTree = "<group>"; };
		E2A729532AE216230093DD1F /* ComponentButton.swift */ = {isa = PBXFileReference; lastKnownFileType = sourcecode.swift; path = ComponentButton.swift; sourceTree = "<group>"; };
		E2A729552AE246B40093DD1F /* MissionOneView.swift */ = {isa = PBXFileReference; lastKnownFileType = sourcecode.swift; path = MissionOneView.swift; sourceTree = "<group>"; };
		E2A729572AE26C670093DD1F /* ComponentButtonMic.swift */ = {isa = PBXFileReference; lastKnownFileType = sourcecode.swift; path = ComponentButtonMic.swift; sourceTree = "<group>"; };
		E2C303432B063E26006408FD /* MapView.swift */ = {isa = PBXFileReference; lastKnownFileType = sourcecode.swift; path = MapView.swift; sourceTree = "<group>"; };
		E2C303452B06510F006408FD /* MapTobaAnimation.swift */ = {isa = PBXFileReference; lastKnownFileType = sourcecode.swift; path = MapTobaAnimation.swift; sourceTree = "<group>"; };
		E2C8F21C2B0112AE00BC075F /* AnimationAjeng.gif */ = {isa = PBXFileReference; lastKnownFileType = image.gif; path = AnimationAjeng.gif; sourceTree = "<group>"; };
		E2C8F21D2B0112AE00BC075F /* AnimationDayu.gif */ = {isa = PBXFileReference; lastKnownFileType = image.gif; path = AnimationDayu.gif; sourceTree = "<group>"; };
		E2D73EE82AF8F0A3006E99A1 /* Transition.swift */ = {isa = PBXFileReference; lastKnownFileType = sourcecode.swift; path = Transition.swift; sourceTree = "<group>"; };
		E2D73EEA2AFA3142006E99A1 /* GiftView.swift */ = {isa = PBXFileReference; lastKnownFileType = sourcecode.swift; path = GiftView.swift; sourceTree = "<group>"; };
		E2E5B92D2AE1364F003B4F70 /* InGameView.swift */ = {isa = PBXFileReference; lastKnownFileType = sourcecode.swift; path = InGameView.swift; sourceTree = "<group>"; };
		E2ED5C2D2AFCCD30005D4B22 /* AnimationTogar.gif */ = {isa = PBXFileReference; lastKnownFileType = image.gif; path = AnimationTogar.gif; sourceTree = "<group>"; };
		E2ED5C2E2AFCCD30005D4B22 /* AnimationAsep.gif */ = {isa = PBXFileReference; lastKnownFileType = image.gif; path = AnimationAsep.gif; sourceTree = "<group>"; };
		E2ED5C2F2AFCCD31005D4B22 /* AnimationKepalaDesa.gif */ = {isa = PBXFileReference; lastKnownFileType = image.gif; path = AnimationKepalaDesa.gif; sourceTree = "<group>"; };
		E2ED5C332AFCEDB8005D4B22 /* ViewModelTransition.swift */ = {isa = PBXFileReference; lastKnownFileType = sourcecode.swift; path = ViewModelTransition.swift; sourceTree = "<group>"; };
		E2ED5C352AFD1BDA005D4B22 /* TesTransition.swift */ = {isa = PBXFileReference; lastKnownFileType = sourcecode.swift; path = TesTransition.swift; sourceTree = "<group>"; };
		E2ED5C372AFD1BE6005D4B22 /* TesTransition2.swift */ = {isa = PBXFileReference; lastKnownFileType = sourcecode.swift; path = TesTransition2.swift; sourceTree = "<group>"; };
		E2F0940C2B0B64AC006F4318 /* MapBaliAnimation.swift */ = {isa = PBXFileReference; lastKnownFileType = sourcecode.swift; path = MapBaliAnimation.swift; sourceTree = "<group>"; };
/* End PBXFileReference section */

/* Begin PBXFrameworksBuildPhase section */
		A3C3046F2ADE898800E11CCC /* Frameworks */ = {
			isa = PBXFrameworksBuildPhase;
			buildActionMask = 2147483647;
			files = (
			);
			runOnlyForDeploymentPostprocessing = 0;
		};
/* End PBXFrameworksBuildPhase section */

/* Begin PBXGroup section */
		32E4015E2AEB8089007A15AA /* Object Detection */ = {
			isa = PBXGroup;
			children = (
				32E4015F2AEB80C3007A15AA /* CameraResultView.swift */,
				32E401612AEB80C3007A15AA /* CameraView.swift */,
				32E401602AEB80C3007A15AA /* CustomCameraView.swift */,
				32E401652AEB80F3007A15AA /* ObjectDetectionGame.swift */,
				3265E1462B0B6BDF004F399D /* DummyView.swift */,
			);
			path = "Object Detection";
			sourceTree = "<group>";
		};
		32E4016F2AEB9864007A15AA /* CameraManager */ = {
			isa = PBXGroup;
			children = (
				32E401702AEB987E007A15AA /* CameraViewController.swift */,
				32E401722AEB9897007A15AA /* Detector.swift */,
			);
			path = CameraManager;
			sourceTree = "<group>";
		};
		A38733112B020B6B00E9494F /* Batak Example Audio */ = {
			isa = PBXGroup;
			children = (
				A38733122B020B9F00E9494F /* ApusapusNiPat.wav */,
				A38733142B020BB800E9494F /* IngananSampah.wav */,
				A38733162B020BCC00E9494F /* JomDinding.wav */,
				A38733182B020BDC00E9494F /* Sipadot.wav */,
				A387331A2B020BFC00E9494F /* Tel.wav */,
			);
			path = "Batak Example Audio";
			sourceTree = "<group>";
		};
		A387331C2B037E9500E9494F /* Animation */ = {
			isa = PBXGroup;
			children = (
				E2ED5C2E2AFCCD30005D4B22 /* AnimationAsep.gif */,
				E2C8F21C2B0112AE00BC075F /* AnimationAjeng.gif */,
				E2C8F21D2B0112AE00BC075F /* AnimationDayu.gif */,
				E2ED5C2F2AFCCD31005D4B22 /* AnimationKepalaDesa.gif */,
				E2ED5C2D2AFCCD30005D4B22 /* AnimationTogar.gif */,
			);
			path = Animation;
			sourceTree = "<group>";
		};
		A3B4F8852B01E07E006CF328 /* Asep */ = {
			isa = PBXGroup;
			children = (
				A3B4F88F2B01E09C006CF328 /* Asep 1.m4a */,
				A3B4F88B2B01E09B006CF328 /* Asep 2.m4a */,
				A3B4F8882B01E09B006CF328 /* Asep 3.m4a */,
				A3B4F88D2B01E09B006CF328 /* Asep 12.m4a */,
				A3B4F88A2B01E09B006CF328 /* Asep 13.m4a */,
				A3B4F8902B01E09C006CF328 /* Asep 4.m4a */,
				A3B4F8872B01E09B006CF328 /* Asep 5.m4a */,
				A3B4F88E2B01E09B006CF328 /* Asep 6.m4a */,
				A3B4F8922B01E09C006CF328 /* Asep 7.m4a */,
				A3B4F8862B01E09B006CF328 /* Asep 8.m4a */,
				A3B4F8932B01E09C006CF328 /* Asep 9.m4a */,
				A3B4F8942B01E09C006CF328 /* Asep 10.m4a */,
				A3B4F8892B01E09B006CF328 /* Asep 11.m4a */,
				A3B4F88C2B01E09B006CF328 /* Asep 14.m4a */,
				A3B4F8912B01E09C006CF328 /* Asep 15.m4a */,
			);
			path = Asep;
			sourceTree = "<group>";
		};
		A3B4F8A72B01E1B3006CF328 /* Togar */ = {
			isa = PBXGroup;
			children = (
				A3B4F8B92B01E1E1006CF328 /* Togar 1.m4a */,
				A3B4F8B02B01E1E1006CF328 /* Togar 2.m4a */,
				A3B4F8B32B01E1E1006CF328 /* Togar 3.m4a */,
				A3B4F8B12B01E1E1006CF328 /* Togar 4.m4a */,
				A3B4F8B72B01E1E1006CF328 /* Togar 5.m4a */,
				A3B4F8AB2B01E1E0006CF328 /* Togar 6.m4a */,
				A3B4F8B62B01E1E1006CF328 /* Togar 7.m4a */,
				A3B4F8B52B01E1E1006CF328 /* Togar 8.m4a */,
				A3B4F8AC2B01E1E0006CF328 /* Togar 9.m4a */,
				A3B4F8B42B01E1E1006CF328 /* Togar 10.m4a */,
				A3B4F8AD2B01E1E0006CF328 /* Togar 11.m4a */,
				A3B4F8AE2B01E1E0006CF328 /* Togar 12.m4a */,
				A3B4F8B22B01E1E1006CF328 /* Togar 13.m4a */,
				A3B4F8B82B01E1E1006CF328 /* Togar 14.m4a */,
				A3B4F8AF2B01E1E0006CF328 /* Togar 15.m4a */,
			);
			path = Togar;
			sourceTree = "<group>";
		};
		A3B4F8A82B01E1C1006CF328 /* Ci Mey */ = {
			isa = PBXGroup;
			children = (
				A3B4F91C2B01E26B006CF328 /* Ci mey 1.m4a */,
				A3B4F91D2B01E26B006CF328 /* Ci mey 2.m4a */,
				A3B4F91E2B01E26B006CF328 /* Ci mey 3.m4a */,
			);
			path = "Ci Mey";
			sourceTree = "<group>";
		};
		A3B4F8A92B01E1C6006CF328 /* Ajeng */ = {
			isa = PBXGroup;
			children = (
				A3B4F8E62B01E224006CF328 /* Ajeng 1.m4a */,
				A3B4F8E72B01E224006CF328 /* Ajeng 2.m4a */,
				A3B4F8F12B01E225006CF328 /* Ajeng 3.m4a */,
				A3B4F8EB2B01E225006CF328 /* Ajeng 4.m4a */,
				A3B4F8EC2B01E225006CF328 /* Ajeng 5.m4a */,
				A3B4F8ED2B01E225006CF328 /* Ajeng 7.m4a */,
				A3B4F8E82B01E224006CF328 /* Ajeng 8.m4a */,
				A3B4F8EA2B01E225006CF328 /* Ajeng 9.m4a */,
				A3B4F8F02B01E225006CF328 /* Ajeng 10.m4a */,
				A3B4F8F22B01E225006CF328 /* Ajeng 11.m4a */,
				A3B4F8E92B01E224006CF328 /* Ajeng 12.m4a */,
				A3B4F8EE2B01E225006CF328 /* Ajeng 13.m4a */,
				A3B4F8E52B01E224006CF328 /* Ajeng 14.m4a */,
				A3B4F8F32B01E225006CF328 /* Ajeng 15.m4a */,
				A3B4F8EF2B01E225006CF328 /* Ajeng 6.m4a */,
			);
			path = Ajeng;
			sourceTree = "<group>";
		};
		A3B4F8AA2B01E1CC006CF328 /* Dayu */ = {
			isa = PBXGroup;
			children = (
				A3B4F8C42B01E1F1006CF328 /* Dayu 1.m4a */,
				A34F9D102B0203110028E45E /* Dayu 2.m4a */,
				A3B4F8C72B01E1F1006CF328 /* Dayu 3.m4a */,
				A3B4F8C12B01E1F0006CF328 /* Dayu 4.m4a */,
				A3B4F8C32B01E1F0006CF328 /* Dayu 5.m4a */,
				A3B4F8C52B01E1F1006CF328 /* Dayu 6.m4a */,
				A3B4F8BC2B01E1F0006CF328 /* Dayu 7.m4a */,
				A3B4F8BA2B01E1F0006CF328 /* Dayu 8.m4a */,
				A3B4F8BD2B01E1F0006CF328 /* Dayu 9.m4a */,
				A3B4F8BF2B01E1F0006CF328 /* Dayu 10.m4a */,
				A3B4F8BE2B01E1F0006CF328 /* Dayu 11.m4a */,
				A3B4F8BB2B01E1F0006CF328 /* Dayu 12.m4a */,
				A3B4F8C02B01E1F0006CF328 /* Dayu 13.m4a */,
				A3B4F8C22B01E1F0006CF328 /* Dayu 14.m4a */,
				A3B4F8C62B01E1F1006CF328 /* Dayu 15.m4a */,
			);
			path = Dayu;
			sourceTree = "<group>";
		};
		A3B4F9032B01E241006CF328 /* Kades */ = {
			isa = PBXGroup;
			children = (
				A3B4F9092B01E259006CF328 /* Pak kades 1.m4a */,
				A3B4F90D2B01E259006CF328 /* Pak kades 2.m4a */,
				A3B4F9062B01E258006CF328 /* Pak kades 3.m4a */,
				A3B4F90F2B01E259006CF328 /* Pak kades 4.m4a */,
				A3B4F90E2B01E259006CF328 /* Pak kades 5.m4a */,
				A3B4F9052B01E258006CF328 /* Pak kades 6.m4a */,
				A3B4F9082B01E259006CF328 /* Pak kades 7.m4a */,
				A3B4F9072B01E258006CF328 /* Pak kades 8.m4a */,
				A3B4F90C2B01E259006CF328 /* Pak kades 9.m4a */,
				A3B4F90A2B01E259006CF328 /* Pak kades 10.m4a */,
				A3B4F90B2B01E259006CF328 /* Pak kades 11.m4a */,
				A3B4F9042B01E258006CF328 /* Pak kades 12.m4a */,
			);
			path = Kades;
			sourceTree = "<group>";
		};
		A3C304692ADE898800E11CCC = {
			isa = PBXGroup;
			children = (
				A387331C2B037E9500E9494F /* Animation */,
				A3ED9E682AFCCE050041E7D1 /* Audio */,
				E2791F412AFE260400391F1B /* Font */,
				32E4016F2AEB9864007A15AA /* CameraManager */,
				E20C87CB2AE412AF0054AD47 /* Model */,
				E20C87CC2AE412E60054AD47 /* ViewModel */,
				E251D0C42AE131520024FDD1 /* MatchManager */,
				E251D0C52AE131640024FDD1 /* View */,
				A3C304742ADE898800E11CCC /* MacroApp */,
				A3C304732ADE898800E11CCC /* Products */,
			);
			sourceTree = "<group>";
		};
		A3C304732ADE898800E11CCC /* Products */ = {
			isa = PBXGroup;
			children = (
				A3C304722ADE898800E11CCC /* MacroApp.app */,
			);
			name = Products;
			sourceTree = "<group>";
		};
		A3C304742ADE898800E11CCC /* MacroApp */ = {
			isa = PBXGroup;
			children = (
				A32FAC342AF0BE57009307B3 /* Info.plist */,
				A3C304752ADE898800E11CCC /* MacroApp.swift */,
				E251D0A92ADFDB630024FDD1 /* MacroApp.entitlements */,
				A3C304792ADE898A00E11CCC /* Assets.xcassets */,
				A3C3047B2ADE898A00E11CCC /* Preview Content */,
			);
			path = MacroApp;
			sourceTree = "<group>";
		};
		A3C3047B2ADE898A00E11CCC /* Preview Content */ = {
			isa = PBXGroup;
			children = (
				A3C3047C2ADE898A00E11CCC /* Preview Assets.xcassets */,
			);
			path = "Preview Content";
			sourceTree = "<group>";
		};
		A3D5E89F2AF3B568002F5888 /* Stories */ = {
			isa = PBXGroup;
			children = (
				E2A729502AE187120093DD1F /* StoryNarratorView.swift */,
				E2C303432B063E26006408FD /* MapView.swift */,
				A3B13C172AFAB3900060535C /* BalaiDesaView.swift */,
				A3B13C192AFAB4460060535C /* TokoView.swift */,
				A3B13C1B2AFAB5940060535C /* GudangView.swift */,
				A3B13C1D2AFAB8EA0060535C /* PerbaikanBalaiDesaView.swift */,
				A3B13C1F2AFABBDE0060535C /* BalaiDesaRenovatedView.swift */,
				A31E711A2B0B19A8004359C2 /* DummyyView.swift */,
			);
			path = Stories;
			sourceTree = "<group>";
		};
		A3D5E8A02AF3B59F002F5888 /* Mini Games */ = {
			isa = PBXGroup;
			children = (
				E2A729552AE246B40093DD1F /* MissionOneView.swift */,
				E23832912AEA4E29001DB289 /* DragDropView.swift */,
				A38E8C662B0B1E3500CB9A7D /* DragDropMultiView.swift */,
				E23832932AEA4E45001DB289 /* AyakPasirView.swift */,
				32E4015E2AEB8089007A15AA /* Object Detection */,
			);
			path = "Mini Games";
			sourceTree = "<group>";
		};
		A3ED9E682AFCCE050041E7D1 /* Audio */ = {
			isa = PBXGroup;
			children = (
				A3E8E6C32B00F7E6006D221E /* Wrong.wav */,
				32C529352B0D29CE007C8858 /* backsound-crowd.wav */,
				32C529312B0CFC3C007C8858 /* backsound-village.wav */,
				A3E8E6C12B00F6AA006D221E /* Correct.wav */,
				A3E8E6BD2B00F656006D221E /* backsound.wav */,
				A38733112B020B6B00E9494F /* Batak Example Audio */,
				A3B4F8852B01E07E006CF328 /* Asep */,
				A3B4F9032B01E241006CF328 /* Kades */,
				A3B4F8A72B01E1B3006CF328 /* Togar */,
				A3B4F8AA2B01E1CC006CF328 /* Dayu */,
				A3B4F8A92B01E1C6006CF328 /* Ajeng */,
				A3B4F8A82B01E1C1006CF328 /* Ci Mey */,
			);
			path = Audio;
			sourceTree = "<group>";
		};
		E20C87CB2AE412AF0054AD47 /* Model */ = {
			isa = PBXGroup;
			children = (
				32E4015C2AEB8039007A15AA /* Resnet50.mlmodel */,
				E20C87C92AE4129F0054AD47 /* StoryTemp.swift */,
				A3E99C902AEA1698002FDE6C /* Karakter.swift */,
				A3519E6D2AEB6E5B00C66C4A /* ToolBahasa.swift */,
				32E4015A2AEA754C007A15AA /* ToolBrain.swift */,
				A3C85B612AEF7337001669A6 /* Tool.swift */,
				A3AF9E9F2AEFACAA0075E5B8 /* Audio.swift */,
				A3D5E8992AF3957F002F5888 /* Story.swift */,
				A3D5E89D2AF3AC1F002F5888 /* Narration.swift */,
				A3B13C262AFB03BD0060535C /* Enums.swift */,
			);
			path = Model;
			sourceTree = "<group>";
		};
		E20C87CC2AE412E60054AD47 /* ViewModel */ = {
			isa = PBXGroup;
			children = (
				E20C87CD2AE412FF0054AD47 /* StoryViewModel.swift */,
				E238328F2AEA272B001DB289 /* NavigationViewModel.swift */,
				E2ED5C332AFCEDB8005D4B22 /* ViewModelTransition.swift */,
				A3AF9E992AEFAC0D0075E5B8 /* AudioViewModel.swift */,
				A3AF9E9B2AEFAC470075E5B8 /* ServerViewModel.swift */,
				A3AF9EA12AEFAF2B0075E5B8 /* PlayerViewModel.swift */,
				32CBFAB22AFCDA2800976F4D /* HapticViewModel.swift */,
				A3E8E6B32B00F1F0006D221E /* RouterViewModel.swift */,
				32C5292E2B0CF7C1007C8858 /* GSAudioViewModel.swift */,
			);
			path = ViewModel;
			sourceTree = "<group>";
		};
		E251D0C42AE131520024FDD1 /* MatchManager */ = {
			isa = PBXGroup;
			children = (
				E251D0BA2AE12B9F0024FDD1 /* MatchManager.swift */,
				E251D0C02AE130D80024FDD1 /* MatchManager+GKGameCenterControllerDelegate.swift */,
				E251D0BE2AE1304B0024FDD1 /* MatchManager+GKMatchDelegate.swift */,
				E251D0BC2AE12F040024FDD1 /* MatchManager+GKMatchmakerViewControllerDelegate.swift */,
				A3A8FE762AEB0EEF00980FB9 /* MatchManager+Synchronizations.swift */,
			);
			path = MatchManager;
			sourceTree = "<group>";
		};
		E251D0C52AE131640024FDD1 /* View */ = {
			isa = PBXGroup;
			children = (
				E251D0C62AE132620024FDD1 /* OnBoardView.swift */,
				E2E5B92D2AE1364F003B4F70 /* InGameView.swift */,
				E251D0AA2ADFDE620024FDD1 /* ContentView.swift */,
				E2479AC92B0A11F900BFA729 /* ErrorHandlingView.swift */,
				E2A729522AE215D10093DD1F /* Components */,
				A3D5E8A02AF3B59F002F5888 /* Mini Games */,
				A3D5E89F2AF3B568002F5888 /* Stories */,
			);
			path = View;
			sourceTree = "<group>";
		};
		E2791F412AFE260400391F1B /* Font */ = {
			isa = PBXGroup;
			children = (
				32115DA02B062F37005BF92B /* Chalkboard-Bold.ttf */,
				E2791F422AFE268E00391F1B /* Chalkboard-Regular.ttf */,
			);
			path = Font;
			sourceTree = "<group>";
		};
		E2A729522AE215D10093DD1F /* Components */ = {
			isa = PBXGroup;
			children = (
				E2D73EE72AF8F08B006E99A1 /* Transition */,
				E2D73EEE2AFA33EA006E99A1 /* GiftAnimation */,
				A35921552AEF2D7C0063BD8E /* ModalView.swift */,
				E2A729532AE216230093DD1F /* ComponentButton.swift */,
				E2A729572AE26C670093DD1F /* ComponentButtonMic.swift */,
				A31CD01C2AEFB69D00B91325 /* RecordButton.swift */,
				A39A2E772AF5F15000E3F52A /* TextSound.swift */,
				A39AEBFF2AF9DDEA006A0FB6 /* TextKata.swift */,
				E2C303452B06510F006408FD /* MapTobaAnimation.swift */,
				E2F0940C2B0B64AC006F4318 /* MapBaliAnimation.swift */,
				A38733232B05C2A500E9494F /* ProgressBar.swift */,
				A38733252B05C46700E9494F /* TimerView.swift */,
			);
			path = Components;
			sourceTree = "<group>";
		};
		E2D73EE72AF8F08B006E99A1 /* Transition */ = {
			isa = PBXGroup;
			children = (
				E2D73EE82AF8F0A3006E99A1 /* Transition.swift */,
				E2ED5C352AFD1BDA005D4B22 /* TesTransition.swift */,
				E2ED5C372AFD1BE6005D4B22 /* TesTransition2.swift */,
			);
			path = Transition;
			sourceTree = "<group>";
		};
		E2D73EEE2AFA33EA006E99A1 /* GiftAnimation */ = {
			isa = PBXGroup;
			children = (
				E2D73EEA2AFA3142006E99A1 /* GiftView.swift */,
			);
			path = GiftAnimation;
			sourceTree = "<group>";
		};
/* End PBXGroup section */

/* Begin PBXNativeTarget section */
		A3C304712ADE898800E11CCC /* MacroApp */ = {
			isa = PBXNativeTarget;
			buildConfigurationList = A3C304802ADE898A00E11CCC /* Build configuration list for PBXNativeTarget "MacroApp" */;
			buildPhases = (
				A3C3046E2ADE898800E11CCC /* Sources */,
				A3C3046F2ADE898800E11CCC /* Frameworks */,
				A3C304702ADE898800E11CCC /* Resources */,
			);
			buildRules = (
			);
			dependencies = (
			);
			name = MacroApp;
			productName = MacroApp;
			productReference = A3C304722ADE898800E11CCC /* MacroApp.app */;
			productType = "com.apple.product-type.application";
		};
/* End PBXNativeTarget section */

/* Begin PBXProject section */
		A3C3046A2ADE898800E11CCC /* Project object */ = {
			isa = PBXProject;
			attributes = {
				BuildIndependentTargetsInParallel = 1;
				LastSwiftUpdateCheck = 1500;
				LastUpgradeCheck = 1500;
				TargetAttributes = {
					A3C304712ADE898800E11CCC = {
						CreatedOnToolsVersion = 15.0;
					};
				};
			};
			buildConfigurationList = A3C3046D2ADE898800E11CCC /* Build configuration list for PBXProject "MacroApp" */;
			compatibilityVersion = "Xcode 14.0";
			developmentRegion = en;
			hasScannedForEncodings = 0;
			knownRegions = (
				en,
				Base,
			);
			mainGroup = A3C304692ADE898800E11CCC;
			productRefGroup = A3C304732ADE898800E11CCC /* Products */;
			projectDirPath = "";
			projectRoot = "";
			targets = (
				A3C304712ADE898800E11CCC /* MacroApp */,
			);
		};
/* End PBXProject section */

/* Begin PBXResourcesBuildPhase section */
		A3C304702ADE898800E11CCC /* Resources */ = {
			isa = PBXResourcesBuildPhase;
			buildActionMask = 2147483647;
			files = (
				A3B4F8972B01E09C006CF328 /* Asep 3.m4a in Resources */,
				A3B4F89A2B01E09C006CF328 /* Asep 2.m4a in Resources */,
				A3B4F8DA2B01E206006CF328 /* Togar 6.m4a in Resources */,
				A3B4F8DC2B01E206006CF328 /* Togar 11.m4a in Resources */,
				A3B4F8D62B01E206006CF328 /* Togar 8.m4a in Resources */,
				A3B4F8E32B01E206006CF328 /* Togar 15.m4a in Resources */,
				A3B4F9112B01E259006CF328 /* Pak kades 6.m4a in Resources */,
				A3B4F8F42B01E225006CF328 /* Ajeng 14.m4a in Resources */,
				A38733152B020BB800E9494F /* IngananSampah.wav in Resources */,
				A3B4F9002B01E225006CF328 /* Ajeng 3.m4a in Resources */,
				E2C8F21E2B0112AE00BC075F /* AnimationAjeng.gif in Resources */,
				A3B4F9102B01E259006CF328 /* Pak kades 12.m4a in Resources */,
				E2791F432AFE268E00391F1B /* Chalkboard-Regular.ttf in Resources */,
				A3B4F8D52B01E1FC006CF328 /* Dayu 15.m4a in Resources */,
				A3B4F8CC2B01E1FC006CF328 /* Dayu 9.m4a in Resources */,
				A3E8E6C22B00F6AA006D221E /* Correct.wav in Resources */,
				A387331B2B020BFC00E9494F /* Tel.wav in Resources */,
				A3B4F9172B01E259006CF328 /* Pak kades 11.m4a in Resources */,
				A3B4F8E12B01E206006CF328 /* Togar 14.m4a in Resources */,
				A3B4F89C2B01E09C006CF328 /* Asep 12.m4a in Resources */,
				A34F9D112B0203110028E45E /* Dayu 2.m4a in Resources */,
				A3B4F8DD2B01E206006CF328 /* Togar 3.m4a in Resources */,
				A3B4F8982B01E09C006CF328 /* Asep 11.m4a in Resources */,
				A3B4F8FA2B01E225006CF328 /* Ajeng 4.m4a in Resources */,
				A3B4F8FD2B01E225006CF328 /* Ajeng 13.m4a in Resources */,
				E2ED5C302AFCCD31005D4B22 /* AnimationTogar.gif in Resources */,
				A3B4F9122B01E259006CF328 /* Pak kades 3.m4a in Resources */,
				A3B4F8E02B01E206006CF328 /* Togar 1.m4a in Resources */,
				A3B4F8CE2B01E1FC006CF328 /* Dayu 12.m4a in Resources */,
				A3B4F89D2B01E09C006CF328 /* Asep 6.m4a in Resources */,
				A38733192B020BDC00E9494F /* Sipadot.wav in Resources */,
				A3B4F8DE2B01E206006CF328 /* Togar 13.m4a in Resources */,
				A3B4F91F2B01E26B006CF328 /* Ci mey 1.m4a in Resources */,
				A3B4F8D02B01E1FC006CF328 /* Dayu 4.m4a in Resources */,
				A3B4F9012B01E225006CF328 /* Ajeng 11.m4a in Resources */,
				A3B4F8F92B01E225006CF328 /* Ajeng 9.m4a in Resources */,
				32115DA12B063051005BF92B /* Chalkboard-Bold.ttf in Resources */,
				A3B4F8D32B01E1FC006CF328 /* Dayu 3.m4a in Resources */,
				A3B4F8F52B01E225006CF328 /* Ajeng 1.m4a in Resources */,
				A3B4F9142B01E259006CF328 /* Pak kades 7.m4a in Resources */,
				A38733132B020B9F00E9494F /* ApusapusNiPat.wav in Resources */,
				A3B4F9162B01E259006CF328 /* Pak kades 10.m4a in Resources */,
				A3B4F9202B01E26B006CF328 /* Ci mey 2.m4a in Resources */,
				A3B4F8D22B01E1FC006CF328 /* Dayu 14.m4a in Resources */,
				A3B4F9152B01E259006CF328 /* Pak kades 1.m4a in Resources */,
				A3B4F8A32B01E09C006CF328 /* Asep 10.m4a in Resources */,
				A3B4F8962B01E09C006CF328 /* Asep 5.m4a in Resources */,
				A3B4F8992B01E09C006CF328 /* Asep 13.m4a in Resources */,
				A3B4F91A2B01E259006CF328 /* Pak kades 5.m4a in Resources */,
				A3C3047D2ADE898A00E11CCC /* Preview Assets.xcassets in Resources */,
				A3B4F8E22B01E206006CF328 /* Togar 12.m4a in Resources */,
				A38733172B020BCC00E9494F /* JomDinding.wav in Resources */,
				E2ED5C312AFCCD31005D4B22 /* AnimationAsep.gif in Resources */,
				A3B4F9022B01E225006CF328 /* Ajeng 15.m4a in Resources */,
				A3B4F8D42B01E1FC006CF328 /* Dayu 7.m4a in Resources */,
				A3B4F8CD2B01E1FC006CF328 /* Dayu 11.m4a in Resources */,
				A3B4F9132B01E259006CF328 /* Pak kades 8.m4a in Resources */,
				E2ED5C322AFCCD31005D4B22 /* AnimationKepalaDesa.gif in Resources */,
				A3B4F8CB2B01E1FC006CF328 /* Dayu 5.m4a in Resources */,
				A3B4F89B2B01E09C006CF328 /* Asep 14.m4a in Resources */,
				A3B4F8952B01E09C006CF328 /* Asep 8.m4a in Resources */,
				A3B4F8F62B01E225006CF328 /* Ajeng 2.m4a in Resources */,
				A3B4F8FF2B01E225006CF328 /* Ajeng 10.m4a in Resources */,
				A3B4F9192B01E259006CF328 /* Pak kades 2.m4a in Resources */,
				32C529322B0CFC3C007C8858 /* backsound-village.wav in Resources */,
				A3B4F8A22B01E09C006CF328 /* Asep 9.m4a in Resources */,
				A3B4F8D92B01E206006CF328 /* Togar 5.m4a in Resources */,
				A3B4F8C92B01E1FC006CF328 /* Dayu 10.m4a in Resources */,
				A3B4F91B2B01E259006CF328 /* Pak kades 4.m4a in Resources */,
				A3B4F8FB2B01E225006CF328 /* Ajeng 5.m4a in Resources */,
				A3B4F8D12B01E1FC006CF328 /* Dayu 8.m4a in Resources */,
				A3B4F8DB2B01E206006CF328 /* Togar 7.m4a in Resources */,
				A3B4F89F2B01E09C006CF328 /* Asep 4.m4a in Resources */,
				A3B4F8D72B01E206006CF328 /* Togar 4.m4a in Resources */,
				A3B4F89E2B01E09C006CF328 /* Asep 1.m4a in Resources */,
				A3B4F8A12B01E09C006CF328 /* Asep 7.m4a in Resources */,
				E2C8F21F2B0112AE00BC075F /* AnimationDayu.gif in Resources */,
				A3C3047A2ADE898A00E11CCC /* Assets.xcassets in Resources */,
				A3E8E6C42B00F7E6006D221E /* Wrong.wav in Resources */,
				A3B4F8D82B01E206006CF328 /* Togar 2.m4a in Resources */,
				A3B4F8C82B01E1FC006CF328 /* Dayu 6.m4a in Resources */,
				A3B4F8FC2B01E225006CF328 /* Ajeng 7.m4a in Resources */,
				A3B4F8F82B01E225006CF328 /* Ajeng 12.m4a in Resources */,
				A3B4F8CF2B01E1FC006CF328 /* Dayu 1.m4a in Resources */,
				A3B4F8F72B01E225006CF328 /* Ajeng 8.m4a in Resources */,
				A3B4F8A02B01E09C006CF328 /* Asep 15.m4a in Resources */,
				A3B4F8FE2B01E225006CF328 /* Ajeng 6.m4a in Resources */,
				A3E8E6BE2B00F656006D221E /* backsound.wav in Resources */,
				A3B4F8DF2B01E206006CF328 /* Togar 10.m4a in Resources */,
				A3B4F8CA2B01E1FC006CF328 /* Dayu 13.m4a in Resources */,
				A3B4F9182B01E259006CF328 /* Pak kades 9.m4a in Resources */,
				32C529362B0D29CE007C8858 /* backsound-crowd.wav in Resources */,
				A3B4F9212B01E26B006CF328 /* Ci mey 3.m4a in Resources */,
				A3B4F8E42B01E206006CF328 /* Togar 9.m4a in Resources */,
			);
			runOnlyForDeploymentPostprocessing = 0;
		};
/* End PBXResourcesBuildPhase section */

/* Begin PBXSourcesBuildPhase section */
		A3C3046E2ADE898800E11CCC /* Sources */ = {
			isa = PBXSourcesBuildPhase;
			buildActionMask = 2147483647;
			files = (
				E2A729542AE216230093DD1F /* ComponentButton.swift in Sources */,
				A3B13C1E2AFAB8EA0060535C /* PerbaikanBalaiDesaView.swift in Sources */,
				E2F0940D2B0B64AC006F4318 /* MapBaliAnimation.swift in Sources */,
				A3B13C1C2AFAB5940060535C /* GudangView.swift in Sources */,
				32E401622AEB80C3007A15AA /* CameraResultView.swift in Sources */,
				A3E8E6B42B00F1F0006D221E /* RouterViewModel.swift in Sources */,
				32E401662AEB80F3007A15AA /* ObjectDetectionGame.swift in Sources */,
				E2C303462B06510F006408FD /* MapTobaAnimation.swift in Sources */,
				A38E8C672B0B1E3600CB9A7D /* DragDropMultiView.swift in Sources */,
				A3AF9E9C2AEFAC470075E5B8 /* ServerViewModel.swift in Sources */,
				32E401732AEB9897007A15AA /* Detector.swift in Sources */,
				A3AF9EA02AEFACAA0075E5B8 /* Audio.swift in Sources */,
				3265E1472B0B6BDF004F399D /* DummyView.swift in Sources */,
				E251D0C72AE132620024FDD1 /* OnBoardView.swift in Sources */,
				E2ED5C362AFD1BDA005D4B22 /* TesTransition.swift in Sources */,
				E2D73EE92AF8F0A3006E99A1 /* Transition.swift in Sources */,
				E2A729562AE246B40093DD1F /* MissionOneView.swift in Sources */,
				E23832922AEA4E29001DB289 /* DragDropView.swift in Sources */,
				A3B13C182AFAB3900060535C /* BalaiDesaView.swift in Sources */,
				A3E99C912AEA1698002FDE6C /* Karakter.swift in Sources */,
				A31E711B2B0B19A8004359C2 /* DummyyView.swift in Sources */,
				E2A729582AE26C670093DD1F /* ComponentButtonMic.swift in Sources */,
				32E4015D2AEB8039007A15AA /* Resnet50.mlmodel in Sources */,
				E251D0BD2AE12F040024FDD1 /* MatchManager+GKMatchmakerViewControllerDelegate.swift in Sources */,
				32E401642AEB80C3007A15AA /* CameraView.swift in Sources */,
				A3B13C202AFABBDE0060535C /* BalaiDesaRenovatedView.swift in Sources */,
				A38733242B05C2A500E9494F /* ProgressBar.swift in Sources */,
				A3AF9EA22AEFAF2B0075E5B8 /* PlayerViewModel.swift in Sources */,
				E2E5B92E2AE1364F003B4F70 /* InGameView.swift in Sources */,
				32E401712AEB987E007A15AA /* CameraViewController.swift in Sources */,
				E2A729512AE187120093DD1F /* StoryNarratorView.swift in Sources */,
				E2ED5C382AFD1BE6005D4B22 /* TesTransition2.swift in Sources */,
				E251D0C12AE130D80024FDD1 /* MatchManager+GKGameCenterControllerDelegate.swift in Sources */,
				A39A2E782AF5F15000E3F52A /* TextSound.swift in Sources */,
				E2ED5C342AFCEDB8005D4B22 /* ViewModelTransition.swift in Sources */,
				E23832942AEA4E45001DB289 /* AyakPasirView.swift in Sources */,
				E2479ACA2B0A11F900BFA729 /* ErrorHandlingView.swift in Sources */,
				A39AEC002AF9DDEA006A0FB6 /* TextKata.swift in Sources */,
				A31CD01D2AEFB69D00B91325 /* RecordButton.swift in Sources */,
				E23832902AEA272B001DB289 /* NavigationViewModel.swift in Sources */,
				E2D73EEB2AFA3142006E99A1 /* GiftView.swift in Sources */,
				E251D0AB2ADFDE620024FDD1 /* ContentView.swift in Sources */,
				32E401632AEB80C3007A15AA /* CustomCameraView.swift in Sources */,
				E251D0BF2AE1304C0024FDD1 /* MatchManager+GKMatchDelegate.swift in Sources */,
				E20C87CE2AE412FF0054AD47 /* StoryViewModel.swift in Sources */,
				32CBFAB32AFCDA2800976F4D /* HapticViewModel.swift in Sources */,
				A3519E6E2AEB6E5B00C66C4A /* ToolBahasa.swift in Sources */,
				32C5292F2B0CF7C1007C8858 /* GSAudioViewModel.swift in Sources */,
				A3B13C272AFB03BD0060535C /* Enums.swift in Sources */,
				A3C85B622AEF7337001669A6 /* Tool.swift in Sources */,
				A35921562AEF2D7C0063BD8E /* ModalView.swift in Sources */,
				E251D0BB2AE12B9F0024FDD1 /* MatchManager.swift in Sources */,
				32E4015B2AEA754C007A15AA /* ToolBrain.swift in Sources */,
				A3D5E89E2AF3AC1F002F5888 /* Narration.swift in Sources */,
				A3C304762ADE898800E11CCC /* MacroApp.swift in Sources */,
				E2C303442B063E26006408FD /* MapView.swift in Sources */,
				A3A8FE772AEB0EEF00980FB9 /* MatchManager+Synchronizations.swift in Sources */,
				A38733262B05C46700E9494F /* TimerView.swift in Sources */,
				A3AF9E9A2AEFAC0D0075E5B8 /* AudioViewModel.swift in Sources */,
				A3B13C1A2AFAB4460060535C /* TokoView.swift in Sources */,
				E20C87CA2AE4129F0054AD47 /* StoryTemp.swift in Sources */,
				A3D5E89A2AF3957F002F5888 /* Story.swift in Sources */,
			);
			runOnlyForDeploymentPostprocessing = 0;
		};
/* End PBXSourcesBuildPhase section */

/* Begin XCBuildConfiguration section */
		A3C3047E2ADE898A00E11CCC /* Debug */ = {
			isa = XCBuildConfiguration;
			buildSettings = {
				ALWAYS_SEARCH_USER_PATHS = NO;
				ASSETCATALOG_COMPILER_GENERATE_SWIFT_ASSET_SYMBOL_EXTENSIONS = YES;
				CLANG_ANALYZER_NONNULL = YES;
				CLANG_ANALYZER_NUMBER_OBJECT_CONVERSION = YES_AGGRESSIVE;
				CLANG_CXX_LANGUAGE_STANDARD = "gnu++20";
				CLANG_ENABLE_MODULES = YES;
				CLANG_ENABLE_OBJC_ARC = YES;
				CLANG_ENABLE_OBJC_WEAK = YES;
				CLANG_WARN_BLOCK_CAPTURE_AUTORELEASING = YES;
				CLANG_WARN_BOOL_CONVERSION = YES;
				CLANG_WARN_COMMA = YES;
				CLANG_WARN_CONSTANT_CONVERSION = YES;
				CLANG_WARN_DEPRECATED_OBJC_IMPLEMENTATIONS = YES;
				CLANG_WARN_DIRECT_OBJC_ISA_USAGE = YES_ERROR;
				CLANG_WARN_DOCUMENTATION_COMMENTS = YES;
				CLANG_WARN_EMPTY_BODY = YES;
				CLANG_WARN_ENUM_CONVERSION = YES;
				CLANG_WARN_INFINITE_RECURSION = YES;
				CLANG_WARN_INT_CONVERSION = YES;
				CLANG_WARN_NON_LITERAL_NULL_CONVERSION = YES;
				CLANG_WARN_OBJC_IMPLICIT_RETAIN_SELF = YES;
				CLANG_WARN_OBJC_LITERAL_CONVERSION = YES;
				CLANG_WARN_OBJC_ROOT_CLASS = YES_ERROR;
				CLANG_WARN_QUOTED_INCLUDE_IN_FRAMEWORK_HEADER = YES;
				CLANG_WARN_RANGE_LOOP_ANALYSIS = YES;
				CLANG_WARN_STRICT_PROTOTYPES = YES;
				CLANG_WARN_SUSPICIOUS_MOVE = YES;
				CLANG_WARN_UNGUARDED_AVAILABILITY = YES_AGGRESSIVE;
				CLANG_WARN_UNREACHABLE_CODE = YES;
				CLANG_WARN__DUPLICATE_METHOD_MATCH = YES;
				COPY_PHASE_STRIP = NO;
				DEBUG_INFORMATION_FORMAT = dwarf;
				ENABLE_STRICT_OBJC_MSGSEND = YES;
				ENABLE_TESTABILITY = YES;
				ENABLE_USER_SCRIPT_SANDBOXING = YES;
				GCC_C_LANGUAGE_STANDARD = gnu17;
				GCC_DYNAMIC_NO_PIC = NO;
				GCC_NO_COMMON_BLOCKS = YES;
				GCC_OPTIMIZATION_LEVEL = 0;
				GCC_PREPROCESSOR_DEFINITIONS = (
					"DEBUG=1",
					"$(inherited)",
				);
				GCC_WARN_64_TO_32_BIT_CONVERSION = YES;
				GCC_WARN_ABOUT_RETURN_TYPE = YES_ERROR;
				GCC_WARN_UNDECLARED_SELECTOR = YES;
				GCC_WARN_UNINITIALIZED_AUTOS = YES_AGGRESSIVE;
				GCC_WARN_UNUSED_FUNCTION = YES;
				GCC_WARN_UNUSED_VARIABLE = YES;
				IPHONEOS_DEPLOYMENT_TARGET = 17.0;
				LOCALIZATION_PREFERS_STRING_CATALOGS = YES;
				MTL_ENABLE_DEBUG_INFO = INCLUDE_SOURCE;
				MTL_FAST_MATH = YES;
				ONLY_ACTIVE_ARCH = YES;
				SDKROOT = iphoneos;
				SWIFT_ACTIVE_COMPILATION_CONDITIONS = "DEBUG $(inherited)";
				SWIFT_OPTIMIZATION_LEVEL = "-Onone";
			};
			name = Debug;
		};
		A3C3047F2ADE898A00E11CCC /* Release */ = {
			isa = XCBuildConfiguration;
			buildSettings = {
				ALWAYS_SEARCH_USER_PATHS = NO;
				ASSETCATALOG_COMPILER_GENERATE_SWIFT_ASSET_SYMBOL_EXTENSIONS = YES;
				CLANG_ANALYZER_NONNULL = YES;
				CLANG_ANALYZER_NUMBER_OBJECT_CONVERSION = YES_AGGRESSIVE;
				CLANG_CXX_LANGUAGE_STANDARD = "gnu++20";
				CLANG_ENABLE_MODULES = YES;
				CLANG_ENABLE_OBJC_ARC = YES;
				CLANG_ENABLE_OBJC_WEAK = YES;
				CLANG_WARN_BLOCK_CAPTURE_AUTORELEASING = YES;
				CLANG_WARN_BOOL_CONVERSION = YES;
				CLANG_WARN_COMMA = YES;
				CLANG_WARN_CONSTANT_CONVERSION = YES;
				CLANG_WARN_DEPRECATED_OBJC_IMPLEMENTATIONS = YES;
				CLANG_WARN_DIRECT_OBJC_ISA_USAGE = YES_ERROR;
				CLANG_WARN_DOCUMENTATION_COMMENTS = YES;
				CLANG_WARN_EMPTY_BODY = YES;
				CLANG_WARN_ENUM_CONVERSION = YES;
				CLANG_WARN_INFINITE_RECURSION = YES;
				CLANG_WARN_INT_CONVERSION = YES;
				CLANG_WARN_NON_LITERAL_NULL_CONVERSION = YES;
				CLANG_WARN_OBJC_IMPLICIT_RETAIN_SELF = YES;
				CLANG_WARN_OBJC_LITERAL_CONVERSION = YES;
				CLANG_WARN_OBJC_ROOT_CLASS = YES_ERROR;
				CLANG_WARN_QUOTED_INCLUDE_IN_FRAMEWORK_HEADER = YES;
				CLANG_WARN_RANGE_LOOP_ANALYSIS = YES;
				CLANG_WARN_STRICT_PROTOTYPES = YES;
				CLANG_WARN_SUSPICIOUS_MOVE = YES;
				CLANG_WARN_UNGUARDED_AVAILABILITY = YES_AGGRESSIVE;
				CLANG_WARN_UNREACHABLE_CODE = YES;
				CLANG_WARN__DUPLICATE_METHOD_MATCH = YES;
				COPY_PHASE_STRIP = NO;
				DEBUG_INFORMATION_FORMAT = "dwarf-with-dsym";
				ENABLE_NS_ASSERTIONS = NO;
				ENABLE_STRICT_OBJC_MSGSEND = YES;
				ENABLE_USER_SCRIPT_SANDBOXING = YES;
				GCC_C_LANGUAGE_STANDARD = gnu17;
				GCC_NO_COMMON_BLOCKS = YES;
				GCC_WARN_64_TO_32_BIT_CONVERSION = YES;
				GCC_WARN_ABOUT_RETURN_TYPE = YES_ERROR;
				GCC_WARN_UNDECLARED_SELECTOR = YES;
				GCC_WARN_UNINITIALIZED_AUTOS = YES_AGGRESSIVE;
				GCC_WARN_UNUSED_FUNCTION = YES;
				GCC_WARN_UNUSED_VARIABLE = YES;
				IPHONEOS_DEPLOYMENT_TARGET = 17.0;
				LOCALIZATION_PREFERS_STRING_CATALOGS = YES;
				MTL_ENABLE_DEBUG_INFO = NO;
				MTL_FAST_MATH = YES;
				SDKROOT = iphoneos;
				SWIFT_COMPILATION_MODE = wholemodule;
				VALIDATE_PRODUCT = YES;
			};
			name = Release;
		};
		A3C304812ADE898A00E11CCC /* Debug */ = {
			isa = XCBuildConfiguration;
			buildSettings = {
				ASSETCATALOG_COMPILER_APPICON_NAME = AppIcon;
				ASSETCATALOG_COMPILER_GLOBAL_ACCENT_COLOR_NAME = AccentColor;
				ASSETCATALOG_COMPILER_INCLUDE_ALL_APPICON_ASSETS = NO;
				CODE_SIGN_ENTITLEMENTS = MacroApp/MacroApp.entitlements;
				CODE_SIGN_IDENTITY = "Apple Development";
				CODE_SIGN_STYLE = Automatic;
				CURRENT_PROJECT_VERSION = 1;
				DEVELOPMENT_ASSET_PATHS = "\"MacroApp/Preview Content\"";
				DEVELOPMENT_TEAM = NYP6NH36S6;
				ENABLE_PREVIEWS = YES;
				GENERATE_INFOPLIST_FILE = YES;
				INFOPLIST_FILE = MacroApp/Info.plist;
				INFOPLIST_KEY_CFBundleDisplayName = Kulturo;
				INFOPLIST_KEY_LSApplicationCategoryType = "public.app-category.educational-games";
				INFOPLIST_KEY_NSCameraUsageDescription = "";
				INFOPLIST_KEY_NSMicrophoneUsageDescription = "";
				INFOPLIST_KEY_UIApplicationSceneManifest_Generation = YES;
				INFOPLIST_KEY_UIApplicationSupportsIndirectInputEvents = YES;
				INFOPLIST_KEY_UILaunchScreen_Generation = YES;
				INFOPLIST_KEY_UISupportedInterfaceOrientations = UIInterfaceOrientationPortrait;
				INFOPLIST_KEY_UISupportedInterfaceOrientations_iPad = "UIInterfaceOrientationLandscapeLeft UIInterfaceOrientationLandscapeRight UIInterfaceOrientationPortrait UIInterfaceOrientationPortraitUpsideDown";
				IPHONEOS_DEPLOYMENT_TARGET = 16.1;
				LD_RUNPATH_SEARCH_PATHS = (
					"$(inherited)",
					"@executable_path/Frameworks",
				);
				MARKETING_VERSION = 1.0;
				PRODUCT_BUNDLE_IDENTIFIER = irvan.HandsOn;
				PRODUCT_NAME = "$(TARGET_NAME)";
				PROVISIONING_PROFILE_SPECIFIER = "";
				SUPPORTED_PLATFORMS = "iphoneos iphonesimulator";
				SUPPORTS_MACCATALYST = NO;
				SUPPORTS_MAC_DESIGNED_FOR_IPHONE_IPAD = NO;
				SWIFT_EMIT_LOC_STRINGS = YES;
				SWIFT_VERSION = 5.0;
				TARGETED_DEVICE_FAMILY = 1;
			};
			name = Debug;
		};
		A3C304822ADE898A00E11CCC /* Release */ = {
			isa = XCBuildConfiguration;
			buildSettings = {
				ASSETCATALOG_COMPILER_APPICON_NAME = AppIcon;
				ASSETCATALOG_COMPILER_GLOBAL_ACCENT_COLOR_NAME = AccentColor;
				ASSETCATALOG_COMPILER_INCLUDE_ALL_APPICON_ASSETS = NO;
				CODE_SIGN_ENTITLEMENTS = MacroApp/MacroApp.entitlements;
				CODE_SIGN_IDENTITY = "Apple Development";
				CODE_SIGN_STYLE = Automatic;
				CURRENT_PROJECT_VERSION = 1;
				DEVELOPMENT_ASSET_PATHS = "\"MacroApp/Preview Content\"";
				DEVELOPMENT_TEAM = NYP6NH36S6;
				ENABLE_PREVIEWS = YES;
				GENERATE_INFOPLIST_FILE = YES;
				INFOPLIST_FILE = MacroApp/Info.plist;
				INFOPLIST_KEY_CFBundleDisplayName = Kulturo;
				INFOPLIST_KEY_LSApplicationCategoryType = "public.app-category.educational-games";
				INFOPLIST_KEY_NSCameraUsageDescription = "";
				INFOPLIST_KEY_NSMicrophoneUsageDescription = "";
				INFOPLIST_KEY_UIApplicationSceneManifest_Generation = YES;
				INFOPLIST_KEY_UIApplicationSupportsIndirectInputEvents = YES;
				INFOPLIST_KEY_UILaunchScreen_Generation = YES;
				INFOPLIST_KEY_UISupportedInterfaceOrientations = UIInterfaceOrientationPortrait;
				INFOPLIST_KEY_UISupportedInterfaceOrientations_iPad = "UIInterfaceOrientationLandscapeLeft UIInterfaceOrientationLandscapeRight UIInterfaceOrientationPortrait UIInterfaceOrientationPortraitUpsideDown";
				IPHONEOS_DEPLOYMENT_TARGET = 16.1;
				LD_RUNPATH_SEARCH_PATHS = (
					"$(inherited)",
					"@executable_path/Frameworks",
				);
				MARKETING_VERSION = 1.0;
				PRODUCT_BUNDLE_IDENTIFIER = irvan.HandsOn;
				PRODUCT_NAME = "$(TARGET_NAME)";
				PROVISIONING_PROFILE_SPECIFIER = "";
				SUPPORTED_PLATFORMS = "iphoneos iphonesimulator";
				SUPPORTS_MACCATALYST = NO;
				SUPPORTS_MAC_DESIGNED_FOR_IPHONE_IPAD = NO;
				SWIFT_EMIT_LOC_STRINGS = YES;
				SWIFT_VERSION = 5.0;
				TARGETED_DEVICE_FAMILY = 1;
			};
			name = Release;
		};
/* End XCBuildConfiguration section */

/* Begin XCConfigurationList section */
		A3C3046D2ADE898800E11CCC /* Build configuration list for PBXProject "MacroApp" */ = {
			isa = XCConfigurationList;
			buildConfigurations = (
				A3C3047E2ADE898A00E11CCC /* Debug */,
				A3C3047F2ADE898A00E11CCC /* Release */,
			);
			defaultConfigurationIsVisible = 0;
			defaultConfigurationName = Release;
		};
		A3C304802ADE898A00E11CCC /* Build configuration list for PBXNativeTarget "MacroApp" */ = {
			isa = XCConfigurationList;
			buildConfigurations = (
				A3C304812ADE898A00E11CCC /* Debug */,
				A3C304822ADE898A00E11CCC /* Release */,
			);
			defaultConfigurationIsVisible = 0;
			defaultConfigurationName = Release;
		};
/* End XCConfigurationList section */
	};
	rootObject = A3C3046A2ADE898800E11CCC /* Project object */;
}
